// !$*UTF8*$!
{
	archiveVersion = 1;
	classes = {
	};
	objectVersion = 46;
	objects = {

/* Begin PBXBuildFile section */
		7E65139615DEA04200B63CB2 /* Cocoa.framework in Frameworks */ = {isa = PBXBuildFile; fileRef = 7E65139515DEA04200B63CB2 /* Cocoa.framework */; };
		7E6513A015DEA04200B63CB2 /* InfoPlist.strings in Resources */ = {isa = PBXBuildFile; fileRef = 7E65139E15DEA04200B63CB2 /* InfoPlist.strings */; };
		7E6513B115DEA09200B63CB2 /* main.cpp in Sources */ = {isa = PBXBuildFile; fileRef = 7E6513B015DEA09200B63CB2 /* main.cpp */; };
		7E6513B315DEA13100B63CB2 /* Dream.iconset in Resources */ = {isa = PBXBuildFile; fileRef = 7E6513B215DEA13100B63CB2 /* Dream.iconset */; };
		7E6513B615DEA18300B63CB2 /* Music in Resources */ = {isa = PBXBuildFile; fileRef = 7EB5FDAC12CC93F100B704E3 /* Music */; };
		7E9E425F142A1B3B0061260C /* InfoPlist.strings in Resources */ = {isa = PBXBuildFile; fileRef = 7E9E425D142A1B3B0061260C /* InfoPlist.strings */; };
		7E9E427F142A1C1C0061260C /* Dream Icon (114x114).png in Resources */ = {isa = PBXBuildFile; fileRef = 7E9E427A142A1BE30061260C /* Dream Icon (114x114).png */; };
		7E9E4282142A1C450061260C /* Dream Icon (57x57).png in Resources */ = {isa = PBXBuildFile; fileRef = 7E9E4279142A1BE30061260C /* Dream Icon (57x57).png */; };
		7E9E4285142A1C710061260C /* Music in Resources */ = {isa = PBXBuildFile; fileRef = 7EB5FDAC12CC93F100B704E3 /* Music */; };
		7E9E4288142A31AA0061260C /* UIKit.framework in Frameworks */ = {isa = PBXBuildFile; fileRef = 7E9E4287142A31AA0061260C /* UIKit.framework */; };
		7E9E428A142A31D80061260C /* Foundation.framework in Frameworks */ = {isa = PBXBuildFile; fileRef = 7E9E4289142A31D80061260C /* Foundation.framework */; };
/* End PBXBuildFile section */

/* Begin PBXFileReference section */
		7E65139315DEA04200B63CB2 /* Audio Mixer.app */ = {isa = PBXFileReference; explicitFileType = wrapper.application; includeInIndex = 0; path = "Audio Mixer.app"; sourceTree = BUILT_PRODUCTS_DIR; };
		7E65139515DEA04200B63CB2 /* Cocoa.framework */ = {isa = PBXFileReference; lastKnownFileType = wrapper.framework; name = Cocoa.framework; path = System/Library/Frameworks/Cocoa.framework; sourceTree = SDKROOT; };
		7E65139815DEA04200B63CB2 /* AppKit.framework */ = {isa = PBXFileReference; lastKnownFileType = wrapper.framework; name = AppKit.framework; path = System/Library/Frameworks/AppKit.framework; sourceTree = SDKROOT; };
		7E65139915DEA04200B63CB2 /* CoreData.framework */ = {isa = PBXFileReference; lastKnownFileType = wrapper.framework; name = CoreData.framework; path = System/Library/Frameworks/CoreData.framework; sourceTree = SDKROOT; };
		7E65139A15DEA04200B63CB2 /* Foundation.framework */ = {isa = PBXFileReference; lastKnownFileType = wrapper.framework; name = Foundation.framework; path = System/Library/Frameworks/Foundation.framework; sourceTree = SDKROOT; };
		7E65139D15DEA04200B63CB2 /* Audio Mixer-Info.plist */ = {isa = PBXFileReference; lastKnownFileType = text.plist.xml; path = "Audio Mixer-Info.plist"; sourceTree = "<group>"; };
		7E65139F15DEA04200B63CB2 /* en */ = {isa = PBXFileReference; lastKnownFileType = text.plist.strings; name = en; path = en.lproj/InfoPlist.strings; sourceTree = "<group>"; };
		7E6513A315DEA04200B63CB2 /* Audio Mixer-Prefix.pch */ = {isa = PBXFileReference; lastKnownFileType = sourcecode.c.h; path = "Audio Mixer-Prefix.pch"; sourceTree = "<group>"; };
		7E6513B015DEA09200B63CB2 /* main.cpp */ = {isa = PBXFileReference; fileEncoding = 4; lastKnownFileType = sourcecode.cpp.cpp; path = main.cpp; sourceTree = "<group>"; };
		7E6513B215DEA13100B63CB2 /* Dream.iconset */ = {isa = PBXFileReference; lastKnownFileType = folder.iconset; name = Dream.iconset; path = ../../../inf/Dream.iconset; sourceTree = "<group>"; };
		7E6513B515DEA15600B63CB2 /* Dream.xcconfig */ = {isa = PBXFileReference; lastKnownFileType = text.xcconfig; path = Dream.xcconfig; sourceTree = "<group>"; };
		7E9E424D142A1B3B0061260C /* iOS Audio Mixer.app */ = {isa = PBXFileReference; explicitFileType = wrapper.application; includeInIndex = 0; path = "iOS Audio Mixer.app"; sourceTree = BUILT_PRODUCTS_DIR; };
		7E9E425C142A1B3B0061260C /* iOS Audio Mixer-Info.plist */ = {isa = PBXFileReference; lastKnownFileType = text.plist.xml; path = "iOS Audio Mixer-Info.plist"; sourceTree = "<group>"; };
		7E9E425E142A1B3B0061260C /* en */ = {isa = PBXFileReference; lastKnownFileType = text.plist.strings; name = en; path = en.lproj/InfoPlist.strings; sourceTree = "<group>"; };
		7E9E4279142A1BE30061260C /* Dream Icon (57x57).png */ = {isa = PBXFileReference; lastKnownFileType = image.png; name = "Dream Icon (57x57).png"; path = "../../../inf/Dream Icon (57x57).png"; sourceTree = "<group>"; };
		7E9E427A142A1BE30061260C /* Dream Icon (114x114).png */ = {isa = PBXFileReference; lastKnownFileType = image.png; name = "Dream Icon (114x114).png"; path = "../../../inf/Dream Icon (114x114).png"; sourceTree = "<group>"; };
		7E9E4287142A31AA0061260C /* UIKit.framework */ = {isa = PBXFileReference; lastKnownFileType = wrapper.framework; name = UIKit.framework; path = Platforms/iPhoneOS.platform/Developer/SDKs/iPhoneOS4.3.sdk/System/Library/Frameworks/UIKit.framework; sourceTree = DEVELOPER_DIR; };
		7E9E4289142A31D80061260C /* Foundation.framework */ = {isa = PBXFileReference; lastKnownFileType = wrapper.framework; name = Foundation.framework; path = Platforms/iPhoneOS.platform/Developer/SDKs/iPhoneOS4.3.sdk/System/Library/Frameworks/Foundation.framework; sourceTree = DEVELOPER_DIR; };
		7EB5FDAC12CC93F100B704E3 /* Music */ = {isa = PBXFileReference; lastKnownFileType = folder; path = Music; sourceTree = "<group>"; };
/* End PBXFileReference section */

/* Begin PBXFrameworksBuildPhase section */
		7E65139015DEA04200B63CB2 /* Frameworks */ = {
			isa = PBXFrameworksBuildPhase;
			buildActionMask = 2147483647;
			files = (
				7E65139615DEA04200B63CB2 /* Cocoa.framework in Frameworks */,
			);
			runOnlyForDeploymentPostprocessing = 0;
		};
		7E9E424A142A1B3B0061260C /* Frameworks */ = {
			isa = PBXFrameworksBuildPhase;
			buildActionMask = 2147483647;
			files = (
				7E9E428A142A31D80061260C /* Foundation.framework in Frameworks */,
				7E9E4288142A31AA0061260C /* UIKit.framework in Frameworks */,
			);
			runOnlyForDeploymentPostprocessing = 0;
		};
/* End PBXFrameworksBuildPhase section */

/* Begin PBXGroup section */
		08FB7794FE84155DC02AAC07 /* Audio Mixer */ = {
			isa = PBXGroup;
			children = (
				7E6513B415DEA15600B63CB2 /* inf */,
				C6859E8C029090F304C91782 /* Resources */,
				7E9E425A142A1B3B0061260C /* iOS Audio Mixer */,
				7E65139B15DEA04200B63CB2 /* Audio Mixer */,
				7E9E424F142A1B3B0061260C /* Frameworks */,
				1AB674ADFE9D54B511CA2CBB /* Products */,
			);
			name = "Audio Mixer";
			sourceTree = "<group>";
		};
		1AB674ADFE9D54B511CA2CBB /* Products */ = {
			isa = PBXGroup;
			children = (
				7E9E424D142A1B3B0061260C /* iOS Audio Mixer.app */,
				7E65139315DEA04200B63CB2 /* Audio Mixer.app */,
			);
			name = Products;
			sourceTree = "<group>";
		};
		7E65139715DEA04200B63CB2 /* Other Frameworks */ = {
			isa = PBXGroup;
			children = (
				7E65139815DEA04200B63CB2 /* AppKit.framework */,
				7E65139915DEA04200B63CB2 /* CoreData.framework */,
				7E65139A15DEA04200B63CB2 /* Foundation.framework */,
			);
			name = "Other Frameworks";
			sourceTree = "<group>";
		};
		7E65139B15DEA04200B63CB2 /* Audio Mixer */ = {
			isa = PBXGroup;
			children = (
				7E6513B015DEA09200B63CB2 /* main.cpp */,
				7E65139C15DEA04200B63CB2 /* Supporting Files */,
			);
			path = "Audio Mixer";
			sourceTree = "<group>";
		};
		7E65139C15DEA04200B63CB2 /* Supporting Files */ = {
			isa = PBXGroup;
			children = (
				7E6513B215DEA13100B63CB2 /* Dream.iconset */,
				7E65139D15DEA04200B63CB2 /* Audio Mixer-Info.plist */,
				7E65139E15DEA04200B63CB2 /* InfoPlist.strings */,
				7E6513A315DEA04200B63CB2 /* Audio Mixer-Prefix.pch */,
			);
			name = "Supporting Files";
			sourceTree = "<group>";
		};
		7E6513B415DEA15600B63CB2 /* inf */ = {
			isa = PBXGroup;
			children = (
				7E6513B515DEA15600B63CB2 /* Dream.xcconfig */,
			);
			path = inf;
			sourceTree = "<group>";
		};
		7E9E424F142A1B3B0061260C /* Frameworks */ = {
			isa = PBXGroup;
			children = (
				7E9E4289142A31D80061260C /* Foundation.framework */,
				7E9E4287142A31AA0061260C /* UIKit.framework */,
				7E65139515DEA04200B63CB2 /* Cocoa.framework */,
				7E65139715DEA04200B63CB2 /* Other Frameworks */,
			);
			name = Frameworks;
			sourceTree = "<group>";
		};
		7E9E425A142A1B3B0061260C /* iOS Audio Mixer */ = {
			isa = PBXGroup;
			children = (
				7E9E425B142A1B3B0061260C /* Supporting Files */,
			);
			path = "iOS Audio Mixer";
			sourceTree = "<group>";
		};
		7E9E425B142A1B3B0061260C /* Supporting Files */ = {
			isa = PBXGroup;
			children = (
				7E9E4279142A1BE30061260C /* Dream Icon (57x57).png */,
				7E9E427A142A1BE30061260C /* Dream Icon (114x114).png */,
				7E9E425C142A1B3B0061260C /* iOS Audio Mixer-Info.plist */,
				7E9E425D142A1B3B0061260C /* InfoPlist.strings */,
			);
			name = "Supporting Files";
			sourceTree = "<group>";
		};
		C6859E8C029090F304C91782 /* Resources */ = {
			isa = PBXGroup;
			children = (
				7EB5FDAC12CC93F100B704E3 /* Music */,
			);
			name = Resources;
			sourceTree = "<group>";
		};
/* End PBXGroup section */

/* Begin PBXNativeTarget section */
		7E65139215DEA04200B63CB2 /* Audio Mixer */ = {
			isa = PBXNativeTarget;
			buildConfigurationList = 7E6513AD15DEA04200B63CB2 /* Build configuration list for PBXNativeTarget "Audio Mixer" */;
			buildPhases = (
				7E65138F15DEA04200B63CB2 /* Sources */,
				7E65139015DEA04200B63CB2 /* Frameworks */,
				7E65139115DEA04200B63CB2 /* Resources */,
			);
			buildRules = (
			);
			dependencies = (
			);
			name = "Audio Mixer";
			productName = "Audio Mixer";
			productReference = 7E65139315DEA04200B63CB2 /* Audio Mixer.app */;
			productType = "com.apple.product-type.application";
		};
		7E9E424C142A1B3B0061260C /* iOS Audio Mixer */ = {
			isa = PBXNativeTarget;
			buildConfigurationList = 7E9E4278142A1B3C0061260C /* Build configuration list for PBXNativeTarget "iOS Audio Mixer" */;
			buildPhases = (
				7E9E4249142A1B3B0061260C /* Sources */,
				7E9E424A142A1B3B0061260C /* Frameworks */,
				7E9E424B142A1B3B0061260C /* Resources */,
			);
			buildRules = (
			);
			dependencies = (
			);
			name = "iOS Audio Mixer";
			productName = "iOS Audio Mixer";
			productReference = 7E9E424D142A1B3B0061260C /* iOS Audio Mixer.app */;
			productType = "com.apple.product-type.application";
		};
/* End PBXNativeTarget section */

/* Begin PBXProject section */
		08FB7793FE84155DC02AAC07 /* Project object */ = {
			isa = PBXProject;
			attributes = {
				LastUpgradeCheck = 0420;
			};
			buildConfigurationList = 1DEB923508733DC60010E9CD /* Build configuration list for PBXProject "Audio Mixer" */;
			compatibilityVersion = "Xcode 3.2";
			developmentRegion = English;
			hasScannedForEncodings = 1;
			knownRegions = (
				English,
				Japanese,
				French,
				German,
				en,
			);
			mainGroup = 08FB7794FE84155DC02AAC07 /* Audio Mixer */;
			projectDirPath = "";
			projectRoot = "";
			targets = (
				7E9E424C142A1B3B0061260C /* iOS Audio Mixer */,
				7E65139215DEA04200B63CB2 /* Audio Mixer */,
			);
		};
/* End PBXProject section */

/* Begin PBXResourcesBuildPhase section */
		7E65139115DEA04200B63CB2 /* Resources */ = {
			isa = PBXResourcesBuildPhase;
			buildActionMask = 2147483647;
			files = (
				7E6513A015DEA04200B63CB2 /* InfoPlist.strings in Resources */,
				7E6513B315DEA13100B63CB2 /* Dream.iconset in Resources */,
				7E6513B615DEA18300B63CB2 /* Music in Resources */,
			);
			runOnlyForDeploymentPostprocessing = 0;
		};
		7E9E424B142A1B3B0061260C /* Resources */ = {
			isa = PBXResourcesBuildPhase;
			buildActionMask = 2147483647;
			files = (
				7E9E425F142A1B3B0061260C /* InfoPlist.strings in Resources */,
				7E9E427F142A1C1C0061260C /* Dream Icon (114x114).png in Resources */,
				7E9E4282142A1C450061260C /* Dream Icon (57x57).png in Resources */,
				7E9E4285142A1C710061260C /* Music in Resources */,
			);
			runOnlyForDeploymentPostprocessing = 0;
		};
/* End PBXResourcesBuildPhase section */

/* Begin PBXSourcesBuildPhase section */
		7E65138F15DEA04200B63CB2 /* Sources */ = {
			isa = PBXSourcesBuildPhase;
			buildActionMask = 2147483647;
			files = (
				7E6513B115DEA09200B63CB2 /* main.cpp in Sources */,
			);
			runOnlyForDeploymentPostprocessing = 0;
		};
		7E9E4249142A1B3B0061260C /* Sources */ = {
			isa = PBXSourcesBuildPhase;
			buildActionMask = 2147483647;
			files = (
			);
			runOnlyForDeploymentPostprocessing = 0;
		};
/* End PBXSourcesBuildPhase section */

/* Begin PBXVariantGroup section */
		7E65139E15DEA04200B63CB2 /* InfoPlist.strings */ = {
			isa = PBXVariantGroup;
			children = (
				7E65139F15DEA04200B63CB2 /* en */,
			);
			name = InfoPlist.strings;
			sourceTree = "<group>";
		};
		7E9E425D142A1B3B0061260C /* InfoPlist.strings */ = {
			isa = PBXVariantGroup;
			children = (
				7E9E425E142A1B3B0061260C /* en */,
			);
			name = InfoPlist.strings;
			sourceTree = "<group>";
		};
/* End PBXVariantGroup section */

/* Begin XCBuildConfiguration section */
		1DEB923608733DC60010E9CD /* Debug */ = {
			isa = XCBuildConfiguration;
			baseConfigurationReference = 7E6513B515DEA15600B63CB2 /* Dream.xcconfig */;
			buildSettings = {
				ARCHS = "$(ARCHS_STANDARD_32_64_BIT)";
				GCC_C_LANGUAGE_STANDARD = gnu99;
				GCC_OPTIMIZATION_LEVEL = 0;
				GCC_WARN_ABOUT_RETURN_TYPE = YES;
				GCC_WARN_UNUSED_VARIABLE = YES;
				ONLY_ACTIVE_ARCH = YES;
				SDKROOT = macosx;
			};
			name = Debug;
		};
		1DEB923708733DC60010E9CD /* Release */ = {
			isa = XCBuildConfiguration;
			baseConfigurationReference = 7E6513B515DEA15600B63CB2 /* Dream.xcconfig */;
			buildSettings = {
				ARCHS = "$(ARCHS_STANDARD_32_64_BIT)";
				GCC_C_LANGUAGE_STANDARD = gnu99;
				GCC_WARN_ABOUT_RETURN_TYPE = YES;
				GCC_WARN_UNUSED_VARIABLE = YES;
				SDKROOT = macosx;
			};
			name = Release;
		};
		7E6513AE15DEA04200B63CB2 /* Debug */ = {
			isa = XCBuildConfiguration;
			buildSettings = {
				ALWAYS_SEARCH_USER_PATHS = NO;
				ARCHS = "$(ARCHS_STANDARD_64_BIT)";
				CLANG_CXX_LANGUAGE_STANDARD = "gnu++0x";
				CLANG_WARN__DUPLICATE_METHOD_MATCH = YES;
				COMBINE_HIDPI_IMAGES = YES;
				COPY_PHASE_STRIP = NO;
				GCC_DYNAMIC_NO_PIC = NO;
				GCC_ENABLE_OBJC_EXCEPTIONS = YES;
				GCC_PRECOMPILE_PREFIX_HEADER = YES;
				GCC_PREFIX_HEADER = "Audio Mixer/Audio Mixer-Prefix.pch";
				GCC_PREPROCESSOR_DEFINITIONS = (
					"DEBUG=1",
					"$(inherited)",
				);
				GCC_SYMBOLS_PRIVATE_EXTERN = NO;
				GCC_WARN_64_TO_32_BIT_CONVERSION = YES;
				GCC_WARN_UNINITIALIZED_AUTOS = YES;
				INFOPLIST_FILE = "Audio Mixer/Audio Mixer-Info.plist";
				MACOSX_DEPLOYMENT_TARGET = 10.8;
				PRODUCT_NAME = "$(TARGET_NAME)";
				WRAPPER_EXTENSION = app;
			};
			name = Debug;
		};
		7E6513AF15DEA04200B63CB2 /* Release */ = {
			isa = XCBuildConfiguration;
			buildSettings = {
				ALWAYS_SEARCH_USER_PATHS = NO;
				ARCHS = "$(ARCHS_STANDARD_64_BIT)";
				CLANG_CXX_LANGUAGE_STANDARD = "gnu++0x";
				CLANG_WARN__DUPLICATE_METHOD_MATCH = YES;
				COMBINE_HIDPI_IMAGES = YES;
				COPY_PHASE_STRIP = YES;
				DEBUG_INFORMATION_FORMAT = "dwarf-with-dsym";
				GCC_ENABLE_OBJC_EXCEPTIONS = YES;
				GCC_PRECOMPILE_PREFIX_HEADER = YES;
				GCC_PREFIX_HEADER = "Audio Mixer/Audio Mixer-Prefix.pch";
				GCC_WARN_64_TO_32_BIT_CONVERSION = YES;
				GCC_WARN_UNINITIALIZED_AUTOS = YES;
				INFOPLIST_FILE = "Audio Mixer/Audio Mixer-Info.plist";
				MACOSX_DEPLOYMENT_TARGET = 10.8;
				PRODUCT_NAME = "$(TARGET_NAME)";
				WRAPPER_EXTENSION = app;
			};
			name = Release;
		};
		7E9E4276142A1B3C0061260C /* Debug */ = {
			isa = XCBuildConfiguration;
			buildSettings = {
				ALWAYS_SEARCH_USER_PATHS = NO;
				ARCHS = "$(ARCHS_STANDARD_32_BIT)";
				"CODE_SIGN_IDENTITY[sdk=iphoneos*]" = "iPhone Developer";
				COPY_PHASE_STRIP = NO;
				FRAMEWORK_SEARCH_PATHS = (
					"$(inherited)",
					"\"$(DEVELOPER_FRAMEWORKS_DIR)\"",
				);
				GCC_DYNAMIC_NO_PIC = NO;
				GCC_PREPROCESSOR_DEFINITIONS = (
					"DEBUG=1",
					"$(inherited)",
				);
				GCC_SYMBOLS_PRIVATE_EXTERN = NO;
				"GCC_THUMB_SUPPORT[arch=armv6]" = "";
				GCC_VERSION = com.apple.compilers.llvm.clang.1_0;
				GCC_WARN_ABOUT_MISSING_PROTOTYPES = YES;
				INFOPLIST_FILE = "iOS Audio Mixer/iOS Audio Mixer-Info.plist";
				IPHONEOS_DEPLOYMENT_TARGET = 5.0;
				PRODUCT_NAME = "$(TARGET_NAME)";
				SDKROOT = iphoneos;
				WRAPPER_EXTENSION = app;
			};
			name = Debug;
		};
		7E9E4277142A1B3C0061260C /* Release */ = {
			isa = XCBuildConfiguration;
			buildSettings = {
				ALWAYS_SEARCH_USER_PATHS = NO;
				ARCHS = "$(ARCHS_STANDARD_32_BIT)";
				"CODE_SIGN_IDENTITY[sdk=iphoneos*]" = "iPhone Developer";
				COPY_PHASE_STRIP = YES;
				FRAMEWORK_SEARCH_PATHS = (
					"$(inherited)",
					"\"$(DEVELOPER_FRAMEWORKS_DIR)\"",
				);
				"GCC_THUMB_SUPPORT[arch=armv6]" = "";
				GCC_VERSION = com.apple.compilers.llvm.clang.1_0;
				GCC_WARN_ABOUT_MISSING_PROTOTYPES = YES;
				INFOPLIST_FILE = "iOS Audio Mixer/iOS Audio Mixer-Info.plist";
				IPHONEOS_DEPLOYMENT_TARGET = 5.0;
				OTHER_CFLAGS = "-DNS_BLOCK_ASSERTIONS=1";
				PRODUCT_NAME = "$(TARGET_NAME)";
				SDKROOT = iphoneos;
				VALIDATE_PRODUCT = YES;
				WRAPPER_EXTENSION = app;
			};
			name = Release;
		};
/* End XCBuildConfiguration section */

/* Begin XCConfigurationList section */
		1DEB923508733DC60010E9CD /* Build configuration list for PBXProject "Audio Mixer" */ = {
			isa = XCConfigurationList;
			buildConfigurations = (
				1DEB923608733DC60010E9CD /* Debug */,
				1DEB923708733DC60010E9CD /* Release */,
			);
			defaultConfigurationIsVisible = 0;
			defaultConfigurationName = Release;
		};
		7E6513AD15DEA04200B63CB2 /* Build configuration list for PBXNativeTarget "Audio Mixer" */ = {
			isa = XCConfigurationList;
			buildConfigurations = (
				7E6513AE15DEA04200B63CB2 /* Debug */,
				7E6513AF15DEA04200B63CB2 /* Release */,
			);
			defaultConfigurationIsVisible = 0;
		};
		7E9E4278142A1B3C0061260C /* Build configuration list for PBXNativeTarget "iOS Audio Mixer" */ = {
			isa = XCConfigurationList;
			buildConfigurations = (
				7E9E4276142A1B3C0061260C /* Debug */,
				7E9E4277142A1B3C0061260C /* Release */,
			);
			defaultConfigurationIsVisible = 0;
			defaultConfigurationName = Release;
		};
/* End XCConfigurationList section */
	};
	rootObject = 08FB7793FE84155DC02AAC07 /* Project object */;
}
