// !$*UTF8*$!
{
	archiveVersion = 1;
	classes = {
	};
	objectVersion = 46;
	objects = {

/* Begin PBXBuildFile section */
		7E64E62716678215006B710D /* Loader-Cocoa.mm in Sources */ = {isa = PBXBuildFile; fileRef = 7EC2BA711667557500F3D545 /* Loader-Cocoa.mm */; };
		7E64E62816679808006B710D /* Path-NSFileManager.mm in Sources */ = {isa = PBXBuildFile; fileRef = 7EC2BA771667557500F3D545 /* Path-NSFileManager.mm */; };
		7EC2BA98166758B000F3D545 /* Assertion.cpp in Sources */ = {isa = PBXBuildFile; fileRef = 7EC2B9C01667557500F3D545 /* Assertion.cpp */; };
		7EC2BA99166758B200F3D545 /* Class.cpp in Sources */ = {isa = PBXBuildFile; fileRef = 7EC2B9C21667557500F3D545 /* Class.cpp */; };
		7EC2BA9A166758E900F3D545 /* Mixer.cpp in Sources */ = {isa = PBXBuildFile; fileRef = 7EC2B9C61667557500F3D545 /* Mixer.cpp */; };
		7EC2BA9B166758E900F3D545 /* OggResource.cpp in Sources */ = {isa = PBXBuildFile; fileRef = 7EC2B9C81667557500F3D545 /* OggResource.cpp */; };
		7EC2BA9C166758E900F3D545 /* Sound.cpp in Sources */ = {isa = PBXBuildFile; fileRef = 7EC2B9CA1667557500F3D545 /* Sound.cpp */; };
		7EC2BA9D166758E900F3D545 /* Stream.cpp in Sources */ = {isa = PBXBuildFile; fileRef = 7EC2B9CC1667557500F3D545 /* Stream.cpp */; };
		7EC2BA9F166758E900F3D545 /* Context.cpp in Sources */ = {isa = PBXBuildFile; fileRef = 7EC2B9D21667557500F3D545 /* Context.cpp */; };
		7EC2BAA0166758E900F3D545 /* Scene.cpp in Sources */ = {isa = PBXBuildFile; fileRef = 7EC2B9D41667557500F3D545 /* Scene.cpp */; };
		7EC2BAA1166758E900F3D545 /* Buffer.cpp in Sources */ = {isa = PBXBuildFile; fileRef = 7EC2B9D71667557500F3D545 /* Buffer.cpp */; };
		7EC2BAA2166758E900F3D545 /* FrameBuffer.cpp in Sources */ = {isa = PBXBuildFile; fileRef = 7EC2B9D91667557500F3D545 /* FrameBuffer.cpp */; };
		7EC2BAA3166758E900F3D545 /* Graphics.cpp in Sources */ = {isa = PBXBuildFile; fileRef = 7EC2B9DB1667557500F3D545 /* Graphics.cpp */; };
		7EC2BAA4166758E900F3D545 /* MeshBuffer.cpp in Sources */ = {isa = PBXBuildFile; fileRef = 7EC2B9DD1667557500F3D545 /* MeshBuffer.cpp */; };
		7EC2BAA5166758E900F3D545 /* ParticleRenderer.cpp in Sources */ = {isa = PBXBuildFile; fileRef = 7EC2B9DF1667557500F3D545 /* ParticleRenderer.cpp */; };
		7EC2BAA6166758E900F3D545 /* PixelBufferRenderer.cpp in Sources */ = {isa = PBXBuildFile; fileRef = 7EC2B9E11667557500F3D545 /* PixelBufferRenderer.cpp */; };
		7EC2BAA7166758E900F3D545 /* Renderer.cpp in Sources */ = {isa = PBXBuildFile; fileRef = 7EC2B9E31667557500F3D545 /* Renderer.cpp */; };
		7EC2BAA8166758E900F3D545 /* ShaderManager.cpp in Sources */ = {isa = PBXBuildFile; fileRef = 7EC2B9E51667557500F3D545 /* ShaderManager.cpp */; };
		7EC2BAA9166758E900F3D545 /* TextureManager.cpp in Sources */ = {isa = PBXBuildFile; fileRef = 7EC2B9E71667557500F3D545 /* TextureManager.cpp */; };
		7EC2BAAA166758E900F3D545 /* VertexArray.cpp in Sources */ = {isa = PBXBuildFile; fileRef = 7EC2B9E91667557500F3D545 /* VertexArray.cpp */; };
		7EC2BAAB166758E900F3D545 /* View.cpp in Sources */ = {isa = PBXBuildFile; fileRef = 7EC2B9EB1667557500F3D545 /* View.cpp */; };
		7EC2BAAC166758E900F3D545 /* WireframeRenderer.cpp in Sources */ = {isa = PBXBuildFile; fileRef = 7EC2B9ED1667557500F3D545 /* WireframeRenderer.cpp */; };
		7EC2BAAD166758E900F3D545 /* Buffer.cpp in Sources */ = {isa = PBXBuildFile; fileRef = 7EC2B9F11667557500F3D545 /* Buffer.cpp */; };
		7EC2BAAF166758E900F3D545 /* Data.cpp in Sources */ = {isa = PBXBuildFile; fileRef = 7EC2B9F61667557500F3D545 /* Data.cpp */; };
		7EC2BAB0166758E900F3D545 /* Dictionary.cpp in Sources */ = {isa = PBXBuildFile; fileRef = 7EC2B9F81667557500F3D545 /* Dictionary.cpp */; };
		7EC2BAB1166758E900F3D545 /* Endian.cpp in Sources */ = {isa = PBXBuildFile; fileRef = 7EC2B9FA1667557500F3D545 /* Endian.cpp */; };
		7EC2BAB2166758E900F3D545 /* ObjectSet.cpp in Sources */ = {isa = PBXBuildFile; fileRef = 7EC2B9FC1667557500F3D545 /* ObjectSet.cpp */; };
		7EC2BAB3166758E900F3D545 /* Path.cpp in Sources */ = {isa = PBXBuildFile; fileRef = 7EC2B9FE1667557500F3D545 /* Path.cpp */; };
		7EC2BAB4166758E900F3D545 /* Serialization.cpp in Sources */ = {isa = PBXBuildFile; fileRef = 7EC2BA001667557500F3D545 /* Serialization.cpp */; };
		7EC2BAB5166758E900F3D545 /* Strings.cpp in Sources */ = {isa = PBXBuildFile; fileRef = 7EC2BA081667557500F3D545 /* Strings.cpp */; };
		7EC2BAB6166758E900F3D545 /* System.cpp in Sources */ = {isa = PBXBuildFile; fileRef = 7EC2BA0A1667557500F3D545 /* System.cpp */; };
		7EC2BAB7166758E900F3D545 /* Timer.cpp in Sources */ = {isa = PBXBuildFile; fileRef = 7EC2BA0C1667557500F3D545 /* Timer.cpp */; };
		7EC2BAB8166758E900F3D545 /* URI.cpp in Sources */ = {isa = PBXBuildFile; fileRef = 7EC2BA0E1667557500F3D545 /* URI.cpp */; };
		7EC2BAB9166758E900F3D545 /* Value.cpp in Sources */ = {isa = PBXBuildFile; fileRef = 7EC2BA101667557500F3D545 /* Value.cpp */; };
		7EC2BABA166758E900F3D545 /* Console.cpp in Sources */ = {isa = PBXBuildFile; fileRef = 7EC2BA141667557500F3D545 /* Console.cpp */; };
		7EC2BABB166758E900F3D545 /* Fader.cpp in Sources */ = {isa = PBXBuildFile; fileRef = 7EC2BA171667557500F3D545 /* Fader.cpp */; };
		7EC2BABC166758E900F3D545 /* Input.cpp in Sources */ = {isa = PBXBuildFile; fileRef = 7EC2BA191667557500F3D545 /* Input.cpp */; };
		7EC2BABD166758E900F3D545 /* Logger.cpp in Sources */ = {isa = PBXBuildFile; fileRef = 7EC2BA1B1667557500F3D545 /* Logger.cpp */; };
		7EC2BABE166758E900F3D545 /* Loop.cpp in Sources */ = {isa = PBXBuildFile; fileRef = 7EC2BA1D1667557500F3D545 /* Loop.cpp */; };
		7EC2BABF166758E900F3D545 /* MultiFingerInput.cpp in Sources */ = {isa = PBXBuildFile; fileRef = 7EC2BA1F1667557500F3D545 /* MultiFingerInput.cpp */; };
		7EC2BAC0166758E900F3D545 /* Source.cpp in Sources */ = {isa = PBXBuildFile; fileRef = 7EC2BA211667557500F3D545 /* Source.cpp */; };
		7EC2BAC1166758E900F3D545 /* Thread.cpp in Sources */ = {isa = PBXBuildFile; fileRef = 7EC2BA231667557500F3D545 /* Thread.cpp */; };
		7EC2BAC4166758E900F3D545 /* Image.cpp in Sources */ = {isa = PBXBuildFile; fileRef = 7EC2BA2A1667557500F3D545 /* Image.cpp */; };
		7EC2BAC5166758E900F3D545 /* ImageLoader.cpp in Sources */ = {isa = PBXBuildFile; fileRef = 7EC2BA2C1667557500F3D545 /* ImageLoader.cpp */; };
		7EC2BAC6166758E900F3D545 /* PixelBuffer.cpp in Sources */ = {isa = PBXBuildFile; fileRef = 7EC2BA2D1667557500F3D545 /* PixelBuffer.cpp */; };
		7EC2BAC7166758E900F3D545 /* PixelBufferSaver-PNG.cpp in Sources */ = {isa = PBXBuildFile; fileRef = 7EC2BA2F1667557500F3D545 /* PixelBufferSaver-PNG.cpp */; };
		7EC2BAC8166758E900F3D545 /* Address.cpp in Sources */ = {isa = PBXBuildFile; fileRef = 7EC2BA321667557500F3D545 /* Address.cpp */; };
		7EC2BAC9166758E900F3D545 /* Message.cpp in Sources */ = {isa = PBXBuildFile; fileRef = 7EC2BA341667557500F3D545 /* Message.cpp */; };
		7EC2BACA166758E900F3D545 /* Network.cpp in Sources */ = {isa = PBXBuildFile; fileRef = 7EC2BA361667557500F3D545 /* Network.cpp */; };
		7EC2BACB166758E900F3D545 /* Server.cpp in Sources */ = {isa = PBXBuildFile; fileRef = 7EC2BA381667557500F3D545 /* Server.cpp */; };
		7EC2BACC166758E900F3D545 /* ServerTest.cpp in Sources */ = {isa = PBXBuildFile; fileRef = 7EC2BA3A1667557500F3D545 /* ServerTest.cpp */; };
		7EC2BACD166758E900F3D545 /* Socket.cpp in Sources */ = {isa = PBXBuildFile; fileRef = 7EC2BA3B1667557500F3D545 /* Socket.cpp */; };
		7EC2BACE166758E900F3D545 /* Reference.cpp in Sources */ = {isa = PBXBuildFile; fileRef = 7EC2BA3D1667557500F3D545 /* Reference.cpp */; };
		7EC2BACF166758E900F3D545 /* BirdsEyeCamera.cpp in Sources */ = {isa = PBXBuildFile; fileRef = 7EC2BA401667557500F3D545 /* BirdsEyeCamera.cpp */; };
		7EC2BAD0166758E900F3D545 /* Camera.cpp in Sources */ = {isa = PBXBuildFile; fileRef = 7EC2BA421667557500F3D545 /* Camera.cpp */; };
		7EC2BAD1166758E900F3D545 /* PointCamera.cpp in Sources */ = {isa = PBXBuildFile; fileRef = 7EC2BA441667557500F3D545 /* PointCamera.cpp */; };
		7EC2BAD2166758E900F3D545 /* Projection.cpp in Sources */ = {isa = PBXBuildFile; fileRef = 7EC2BA461667557500F3D545 /* Projection.cpp */; };
		7EC2BAD3166758E900F3D545 /* Viewport.cpp in Sources */ = {isa = PBXBuildFile; fileRef = 7EC2BA491667557500F3D545 /* Viewport.cpp */; };
		7EC2BAD4166758E900F3D545 /* Loadable.cpp in Sources */ = {isa = PBXBuildFile; fileRef = 7EC2BA4C1667557500F3D545 /* Loadable.cpp */; };
		7EC2BAD5166758E900F3D545 /* Loader.cpp in Sources */ = {isa = PBXBuildFile; fileRef = 7EC2BA4E1667557500F3D545 /* Loader.cpp */; };
		7EC2BAD6166758E900F3D545 /* AlignedTree.cpp in Sources */ = {isa = PBXBuildFile; fileRef = 7EC2BA521667557500F3D545 /* AlignedTree.cpp */; };
		7EC2BAD7166758E900F3D545 /* HeightMap.cpp in Sources */ = {isa = PBXBuildFile; fileRef = 7EC2BA541667557500F3D545 /* HeightMap.cpp */; };
		7EC2BAD8166758E900F3D545 /* PathFinder.cpp in Sources */ = {isa = PBXBuildFile; fileRef = 7EC2BA561667557500F3D545 /* PathFinder.cpp */; };
		7EC2BAD9166758E900F3D545 /* Font.cpp in Sources */ = {isa = PBXBuildFile; fileRef = 7EC2BA591667557500F3D545 /* Font.cpp */; };
		7EC2BADA166758E900F3D545 /* FontFace.cpp in Sources */ = {isa = PBXBuildFile; fileRef = 7EC2BA5B1667557500F3D545 /* FontFace.cpp */; };
		7EC2BADB166758E900F3D545 /* TextBlock.cpp in Sources */ = {isa = PBXBuildFile; fileRef = 7EC2BA5D1667557500F3D545 /* TextBlock.cpp */; };
		7EC2BADC166758E900F3D545 /* TextBuffer.cpp in Sources */ = {isa = PBXBuildFile; fileRef = 7EC2BA5F1667557500F3D545 /* TextBuffer.cpp */; };
		7EC2BADD166758E900F3D545 /* Timer-CoreVideo.cpp in Sources */ = {isa = PBXBuildFile; fileRef = 7EC2BA741667557500F3D545 /* Timer-CoreVideo.cpp */; };
/* End PBXBuildFile section */

/* Begin PBXFileReference section */
		7E3EA859118086DB00F6C40B /* README.md */ = {isa = PBXFileReference; fileEncoding = 4; lastKnownFileType = text; path = README.md; sourceTree = "<group>"; };
		7EA912770EB41A080080E66D /* Dream */ = {isa = PBXFileReference; explicitFileType = "compiled.mach-o.executable"; includeInIndex = 0; path = Dream; sourceTree = BUILT_PRODUCTS_DIR; };
		7EB05B4F15EE6B3E00511954 /* Base.xcconfig */ = {isa = PBXFileReference; lastKnownFileType = text.xcconfig; path = Base.xcconfig; sourceTree = "<group>"; };
		7EB05B5015EE6B3E00511954 /* Dream.xcconfig */ = {isa = PBXFileReference; lastKnownFileType = text.xcconfig; path = Dream.xcconfig; sourceTree = "<group>"; };
		7EB05B5115EE6B3E00511954 /* Library.xcconfig */ = {isa = PBXFileReference; lastKnownFileType = text.xcconfig; path = Library.xcconfig; sourceTree = "<group>"; };
		7EB05B5215EE6B3E00511954 /* UnitTests.xcconfig */ = {isa = PBXFileReference; lastKnownFileType = text.xcconfig; path = UnitTests.xcconfig; sourceTree = "<group>"; };
		7EB05B5415EE6B3E00511954 /* Dream Icon (114x114).png */ = {isa = PBXFileReference; lastKnownFileType = image.png; path = "Dream Icon (114x114).png"; sourceTree = "<group>"; };
		7EB05B5515EE6B3E00511954 /* Dream Icon (144x144).png */ = {isa = PBXFileReference; lastKnownFileType = image.png; path = "Dream Icon (144x144).png"; sourceTree = "<group>"; };
		7EB05B5615EE6B3E00511954 /* Dream Icon (512x512).png */ = {isa = PBXFileReference; lastKnownFileType = image.png; path = "Dream Icon (512x512).png"; sourceTree = "<group>"; };
		7EB05B5715EE6B3E00511954 /* Dream Icon (57x57).png */ = {isa = PBXFileReference; lastKnownFileType = image.png; path = "Dream Icon (57x57).png"; sourceTree = "<group>"; };
		7EB05B5815EE6B3E00511954 /* Dream Icon (72x72).png */ = {isa = PBXFileReference; lastKnownFileType = image.png; path = "Dream Icon (72x72).png"; sourceTree = "<group>"; };
		7EB05B5915EE6B3E00511954 /* Dream Icon (Original).artx */ = {isa = PBXFileReference; lastKnownFileType = wrapper; path = "Dream Icon (Original).artx"; sourceTree = "<group>"; };
		7EB05B5A15EE6B3E00511954 /* Dream Icon.icns */ = {isa = PBXFileReference; lastKnownFileType = image.icns; path = "Dream Icon.icns"; sourceTree = "<group>"; };
		7EB05B5B15EE6B3E00511954 /* Dream Icon.pdf */ = {isa = PBXFileReference; lastKnownFileType = image.pdf; path = "Dream Icon.pdf"; sourceTree = "<group>"; };
		7EB05B5C15EE6B3E00511954 /* Dream Logo (Original).artx */ = {isa = PBXFileReference; lastKnownFileType = wrapper; path = "Dream Logo (Original).artx"; sourceTree = "<group>"; };
		7EB05B5D15EE6B3E00511954 /* Dream.iconset */ = {isa = PBXFileReference; lastKnownFileType = folder.iconset; path = Dream.iconset; sourceTree = "<group>"; };
		7EC2B9C01667557500F3D545 /* Assertion.cpp */ = {isa = PBXFileReference; lastKnownFileType = sourcecode.cpp.cpp; path = Assertion.cpp; sourceTree = "<group>"; };
		7EC2B9C11667557500F3D545 /* Assertion.h */ = {isa = PBXFileReference; lastKnownFileType = sourcecode.c.h; path = Assertion.h; sourceTree = "<group>"; };
		7EC2B9C21667557500F3D545 /* Class.cpp */ = {isa = PBXFileReference; lastKnownFileType = sourcecode.cpp.cpp; path = Class.cpp; sourceTree = "<group>"; };
		7EC2B9C31667557500F3D545 /* Class.h */ = {isa = PBXFileReference; lastKnownFileType = sourcecode.c.h; path = Class.h; sourceTree = "<group>"; };
		7EC2B9C61667557500F3D545 /* Mixer.cpp */ = {isa = PBXFileReference; lastKnownFileType = sourcecode.cpp.cpp; path = Mixer.cpp; sourceTree = "<group>"; };
		7EC2B9C71667557500F3D545 /* Mixer.h */ = {isa = PBXFileReference; lastKnownFileType = sourcecode.c.h; path = Mixer.h; sourceTree = "<group>"; };
		7EC2B9C81667557500F3D545 /* OggResource.cpp */ = {isa = PBXFileReference; lastKnownFileType = sourcecode.cpp.cpp; path = OggResource.cpp; sourceTree = "<group>"; };
		7EC2B9C91667557500F3D545 /* OggResource.h */ = {isa = PBXFileReference; lastKnownFileType = sourcecode.c.h; path = OggResource.h; sourceTree = "<group>"; };
		7EC2B9CA1667557500F3D545 /* Sound.cpp */ = {isa = PBXFileReference; lastKnownFileType = sourcecode.cpp.cpp; path = Sound.cpp; sourceTree = "<group>"; };
		7EC2B9CB1667557500F3D545 /* Sound.h */ = {isa = PBXFileReference; lastKnownFileType = sourcecode.c.h; path = Sound.h; sourceTree = "<group>"; };
		7EC2B9CC1667557500F3D545 /* Stream.cpp */ = {isa = PBXFileReference; lastKnownFileType = sourcecode.cpp.cpp; path = Stream.cpp; sourceTree = "<group>"; };
		7EC2B9CD1667557500F3D545 /* Stream.h */ = {isa = PBXFileReference; lastKnownFileType = sourcecode.c.h; path = Stream.h; sourceTree = "<group>"; };
		7EC2B9CE1667557500F3D545 /* Client.h */ = {isa = PBXFileReference; lastKnownFileType = sourcecode.c.h; path = Client.h; sourceTree = "<group>"; };
		7EC2B9D01667557500F3D545 /* Application.cpp */ = {isa = PBXFileReference; lastKnownFileType = sourcecode.cpp.cpp; path = Application.cpp; sourceTree = "<group>"; };
		7EC2B9D11667557500F3D545 /* Application.h */ = {isa = PBXFileReference; lastKnownFileType = sourcecode.c.h; path = Application.h; sourceTree = "<group>"; };
		7EC2B9D21667557500F3D545 /* Context.cpp */ = {isa = PBXFileReference; lastKnownFileType = sourcecode.cpp.cpp; path = Context.cpp; sourceTree = "<group>"; };
		7EC2B9D31667557500F3D545 /* Context.h */ = {isa = PBXFileReference; lastKnownFileType = sourcecode.c.h; path = Context.h; sourceTree = "<group>"; };
		7EC2B9D41667557500F3D545 /* Scene.cpp */ = {isa = PBXFileReference; lastKnownFileType = sourcecode.cpp.cpp; path = Scene.cpp; sourceTree = "<group>"; };
		7EC2B9D51667557500F3D545 /* Scene.h */ = {isa = PBXFileReference; lastKnownFileType = sourcecode.c.h; path = Scene.h; sourceTree = "<group>"; };
		7EC2B9D71667557500F3D545 /* Buffer.cpp */ = {isa = PBXFileReference; lastKnownFileType = sourcecode.cpp.cpp; path = Buffer.cpp; sourceTree = "<group>"; };
		7EC2B9D81667557500F3D545 /* Buffer.h */ = {isa = PBXFileReference; lastKnownFileType = sourcecode.c.h; path = Buffer.h; sourceTree = "<group>"; };
		7EC2B9D91667557500F3D545 /* FrameBuffer.cpp */ = {isa = PBXFileReference; lastKnownFileType = sourcecode.cpp.cpp; path = FrameBuffer.cpp; sourceTree = "<group>"; };
		7EC2B9DA1667557500F3D545 /* FrameBuffer.h */ = {isa = PBXFileReference; lastKnownFileType = sourcecode.c.h; path = FrameBuffer.h; sourceTree = "<group>"; };
		7EC2B9DB1667557500F3D545 /* Graphics.cpp */ = {isa = PBXFileReference; lastKnownFileType = sourcecode.cpp.cpp; path = Graphics.cpp; sourceTree = "<group>"; };
		7EC2B9DC1667557500F3D545 /* Graphics.h */ = {isa = PBXFileReference; lastKnownFileType = sourcecode.c.h; path = Graphics.h; sourceTree = "<group>"; };
		7EC2B9DD1667557500F3D545 /* MeshBuffer.cpp */ = {isa = PBXFileReference; lastKnownFileType = sourcecode.cpp.cpp; path = MeshBuffer.cpp; sourceTree = "<group>"; };
		7EC2B9DE1667557500F3D545 /* MeshBuffer.h */ = {isa = PBXFileReference; lastKnownFileType = sourcecode.c.h; path = MeshBuffer.h; sourceTree = "<group>"; };
		7EC2B9DF1667557500F3D545 /* ParticleRenderer.cpp */ = {isa = PBXFileReference; lastKnownFileType = sourcecode.cpp.cpp; path = ParticleRenderer.cpp; sourceTree = "<group>"; };
		7EC2B9E01667557500F3D545 /* ParticleRenderer.h */ = {isa = PBXFileReference; lastKnownFileType = sourcecode.c.h; path = ParticleRenderer.h; sourceTree = "<group>"; };
		7EC2B9E11667557500F3D545 /* PixelBufferRenderer.cpp */ = {isa = PBXFileReference; lastKnownFileType = sourcecode.cpp.cpp; path = PixelBufferRenderer.cpp; sourceTree = "<group>"; };
		7EC2B9E21667557500F3D545 /* PixelBufferRenderer.h */ = {isa = PBXFileReference; lastKnownFileType = sourcecode.c.h; path = PixelBufferRenderer.h; sourceTree = "<group>"; };
		7EC2B9E31667557500F3D545 /* Renderer.cpp */ = {isa = PBXFileReference; lastKnownFileType = sourcecode.cpp.cpp; path = Renderer.cpp; sourceTree = "<group>"; };
		7EC2B9E41667557500F3D545 /* Renderer.h */ = {isa = PBXFileReference; lastKnownFileType = sourcecode.c.h; path = Renderer.h; sourceTree = "<group>"; };
		7EC2B9E51667557500F3D545 /* ShaderManager.cpp */ = {isa = PBXFileReference; lastKnownFileType = sourcecode.cpp.cpp; path = ShaderManager.cpp; sourceTree = "<group>"; };
		7EC2B9E61667557500F3D545 /* ShaderManager.h */ = {isa = PBXFileReference; lastKnownFileType = sourcecode.c.h; path = ShaderManager.h; sourceTree = "<group>"; };
		7EC2B9E71667557500F3D545 /* TextureManager.cpp */ = {isa = PBXFileReference; lastKnownFileType = sourcecode.cpp.cpp; path = TextureManager.cpp; sourceTree = "<group>"; };
		7EC2B9E81667557500F3D545 /* TextureManager.h */ = {isa = PBXFileReference; lastKnownFileType = sourcecode.c.h; path = TextureManager.h; sourceTree = "<group>"; };
		7EC2B9E91667557500F3D545 /* VertexArray.cpp */ = {isa = PBXFileReference; lastKnownFileType = sourcecode.cpp.cpp; path = VertexArray.cpp; sourceTree = "<group>"; };
		7EC2B9EA1667557500F3D545 /* VertexArray.h */ = {isa = PBXFileReference; lastKnownFileType = sourcecode.c.h; path = VertexArray.h; sourceTree = "<group>"; };
		7EC2B9EB1667557500F3D545 /* View.cpp */ = {isa = PBXFileReference; lastKnownFileType = sourcecode.cpp.cpp; path = View.cpp; sourceTree = "<group>"; };
		7EC2B9EC1667557500F3D545 /* View.h */ = {isa = PBXFileReference; lastKnownFileType = sourcecode.c.h; path = View.h; sourceTree = "<group>"; };
		7EC2B9ED1667557500F3D545 /* WireframeRenderer.cpp */ = {isa = PBXFileReference; lastKnownFileType = sourcecode.cpp.cpp; path = WireframeRenderer.cpp; sourceTree = "<group>"; };
		7EC2B9EE1667557500F3D545 /* WireframeRenderer.h */ = {isa = PBXFileReference; lastKnownFileType = sourcecode.c.h; path = WireframeRenderer.h; sourceTree = "<group>"; };
		7EC2B9F01667557500F3D545 /* Algorithm.h */ = {isa = PBXFileReference; lastKnownFileType = sourcecode.c.h; path = Algorithm.h; sourceTree = "<group>"; };
		7EC2B9F11667557500F3D545 /* Buffer.cpp */ = {isa = PBXFileReference; lastKnownFileType = sourcecode.cpp.cpp; path = Buffer.cpp; sourceTree = "<group>"; };
		7EC2B9F21667557500F3D545 /* Buffer.h */ = {isa = PBXFileReference; lastKnownFileType = sourcecode.c.h; path = Buffer.h; sourceTree = "<group>"; };
		7EC2B9F51667557500F3D545 /* Core.h */ = {isa = PBXFileReference; lastKnownFileType = sourcecode.c.h; path = Core.h; sourceTree = "<group>"; };
		7EC2B9F61667557500F3D545 /* Data.cpp */ = {isa = PBXFileReference; lastKnownFileType = sourcecode.cpp.cpp; path = Data.cpp; sourceTree = "<group>"; };
		7EC2B9F71667557500F3D545 /* Data.h */ = {isa = PBXFileReference; lastKnownFileType = sourcecode.c.h; path = Data.h; sourceTree = "<group>"; };
		7EC2B9F81667557500F3D545 /* Dictionary.cpp */ = {isa = PBXFileReference; lastKnownFileType = sourcecode.cpp.cpp; path = Dictionary.cpp; sourceTree = "<group>"; };
		7EC2B9F91667557500F3D545 /* Dictionary.h */ = {isa = PBXFileReference; lastKnownFileType = sourcecode.c.h; path = Dictionary.h; sourceTree = "<group>"; };
		7EC2B9FA1667557500F3D545 /* Endian.cpp */ = {isa = PBXFileReference; lastKnownFileType = sourcecode.cpp.cpp; path = Endian.cpp; sourceTree = "<group>"; };
		7EC2B9FB1667557500F3D545 /* Endian.h */ = {isa = PBXFileReference; lastKnownFileType = sourcecode.c.h; path = Endian.h; sourceTree = "<group>"; };
		7EC2B9FC1667557500F3D545 /* ObjectSet.cpp */ = {isa = PBXFileReference; lastKnownFileType = sourcecode.cpp.cpp; path = ObjectSet.cpp; sourceTree = "<group>"; };
		7EC2B9FD1667557500F3D545 /* ObjectSet.h */ = {isa = PBXFileReference; lastKnownFileType = sourcecode.c.h; path = ObjectSet.h; sourceTree = "<group>"; };
		7EC2B9FE1667557500F3D545 /* Path.cpp */ = {isa = PBXFileReference; lastKnownFileType = sourcecode.cpp.cpp; path = Path.cpp; sourceTree = "<group>"; };
		7EC2B9FF1667557500F3D545 /* Path.h */ = {isa = PBXFileReference; lastKnownFileType = sourcecode.c.h; path = Path.h; sourceTree = "<group>"; };
		7EC2BA001667557500F3D545 /* Serialization.cpp */ = {isa = PBXFileReference; lastKnownFileType = sourcecode.cpp.cpp; path = Serialization.cpp; sourceTree = "<group>"; };
		7EC2BA011667557500F3D545 /* Serialization.h */ = {isa = PBXFileReference; lastKnownFileType = sourcecode.c.h; path = Serialization.h; sourceTree = "<group>"; };
		7EC2BA041667557500F3D545 /* checked.h */ = {isa = PBXFileReference; lastKnownFileType = sourcecode.c.h; path = checked.h; sourceTree = "<group>"; };
		7EC2BA051667557500F3D545 /* core.h */ = {isa = PBXFileReference; lastKnownFileType = sourcecode.c.h; path = core.h; sourceTree = "<group>"; };
		7EC2BA061667557500F3D545 /* unchecked.h */ = {isa = PBXFileReference; lastKnownFileType = sourcecode.c.h; path = unchecked.h; sourceTree = "<group>"; };
		7EC2BA071667557500F3D545 /* utf8.h */ = {isa = PBXFileReference; lastKnownFileType = sourcecode.c.h; path = utf8.h; sourceTree = "<group>"; };
		7EC2BA081667557500F3D545 /* Strings.cpp */ = {isa = PBXFileReference; lastKnownFileType = sourcecode.cpp.cpp; path = Strings.cpp; sourceTree = "<group>"; };
		7EC2BA091667557500F3D545 /* Strings.h */ = {isa = PBXFileReference; lastKnownFileType = sourcecode.c.h; name = Strings.h; path = source/Dream/Core/Strings.h; sourceTree = SOURCE_ROOT; };
		7EC2BA0A1667557500F3D545 /* System.cpp */ = {isa = PBXFileReference; lastKnownFileType = sourcecode.cpp.cpp; path = System.cpp; sourceTree = "<group>"; };
		7EC2BA0B1667557500F3D545 /* System.h */ = {isa = PBXFileReference; lastKnownFileType = sourcecode.c.h; path = System.h; sourceTree = "<group>"; };
		7EC2BA0C1667557500F3D545 /* Timer.cpp */ = {isa = PBXFileReference; lastKnownFileType = sourcecode.cpp.cpp; path = Timer.cpp; sourceTree = "<group>"; };
		7EC2BA0D1667557500F3D545 /* Timer.h */ = {isa = PBXFileReference; lastKnownFileType = sourcecode.c.h; path = Timer.h; sourceTree = "<group>"; };
		7EC2BA0E1667557500F3D545 /* URI.cpp */ = {isa = PBXFileReference; lastKnownFileType = sourcecode.cpp.cpp; path = URI.cpp; sourceTree = "<group>"; };
		7EC2BA0F1667557500F3D545 /* URI.h */ = {isa = PBXFileReference; lastKnownFileType = sourcecode.c.h; path = URI.h; sourceTree = "<group>"; };
		7EC2BA101667557500F3D545 /* Value.cpp */ = {isa = PBXFileReference; lastKnownFileType = sourcecode.cpp.cpp; path = Value.cpp; sourceTree = "<group>"; };
		7EC2BA111667557500F3D545 /* Value.h */ = {isa = PBXFileReference; lastKnownFileType = sourcecode.c.h; path = Value.h; sourceTree = "<group>"; };
		7EC2BA121667557500F3D545 /* Dream.h */ = {isa = PBXFileReference; lastKnownFileType = sourcecode.c.h; path = Dream.h; sourceTree = "<group>"; };
		7EC2BA141667557500F3D545 /* Console.cpp */ = {isa = PBXFileReference; lastKnownFileType = sourcecode.cpp.cpp; path = Console.cpp; sourceTree = "<group>"; };
		7EC2BA151667557500F3D545 /* Console.h */ = {isa = PBXFileReference; lastKnownFileType = sourcecode.c.h; path = Console.h; sourceTree = "<group>"; };
		7EC2BA161667557500F3D545 /* Events.h */ = {isa = PBXFileReference; lastKnownFileType = sourcecode.c.h; path = Events.h; sourceTree = "<group>"; };
		7EC2BA171667557500F3D545 /* Fader.cpp */ = {isa = PBXFileReference; lastKnownFileType = sourcecode.cpp.cpp; path = Fader.cpp; sourceTree = "<group>"; };
		7EC2BA181667557500F3D545 /* Fader.h */ = {isa = PBXFileReference; lastKnownFileType = sourcecode.c.h; path = Fader.h; sourceTree = "<group>"; };
		7EC2BA191667557500F3D545 /* Input.cpp */ = {isa = PBXFileReference; lastKnownFileType = sourcecode.cpp.cpp; path = Input.cpp; sourceTree = "<group>"; };
		7EC2BA1A1667557500F3D545 /* Input.h */ = {isa = PBXFileReference; lastKnownFileType = sourcecode.c.h; path = Input.h; sourceTree = "<group>"; };
		7EC2BA1B1667557500F3D545 /* Logger.cpp */ = {isa = PBXFileReference; lastKnownFileType = sourcecode.cpp.cpp; path = Logger.cpp; sourceTree = "<group>"; };
		7EC2BA1C1667557500F3D545 /* Logger.h */ = {isa = PBXFileReference; lastKnownFileType = sourcecode.c.h; path = Logger.h; sourceTree = "<group>"; };
		7EC2BA1D1667557500F3D545 /* Loop.cpp */ = {isa = PBXFileReference; lastKnownFileType = sourcecode.cpp.cpp; path = Loop.cpp; sourceTree = "<group>"; };
		7EC2BA1E1667557500F3D545 /* Loop.h */ = {isa = PBXFileReference; lastKnownFileType = sourcecode.c.h; path = Loop.h; sourceTree = "<group>"; };
		7EC2BA1F1667557500F3D545 /* MultiFingerInput.cpp */ = {isa = PBXFileReference; lastKnownFileType = sourcecode.cpp.cpp; path = MultiFingerInput.cpp; sourceTree = "<group>"; };
		7EC2BA201667557500F3D545 /* MultiFingerInput.h */ = {isa = PBXFileReference; lastKnownFileType = sourcecode.c.h; path = MultiFingerInput.h; sourceTree = "<group>"; };
		7EC2BA211667557500F3D545 /* Source.cpp */ = {isa = PBXFileReference; lastKnownFileType = sourcecode.cpp.cpp; path = Source.cpp; sourceTree = "<group>"; };
		7EC2BA221667557500F3D545 /* Source.h */ = {isa = PBXFileReference; lastKnownFileType = sourcecode.c.h; path = Source.h; sourceTree = "<group>"; };
		7EC2BA231667557500F3D545 /* Thread.cpp */ = {isa = PBXFileReference; lastKnownFileType = sourcecode.cpp.cpp; path = Thread.cpp; sourceTree = "<group>"; };
		7EC2BA241667557500F3D545 /* Thread.h */ = {isa = PBXFileReference; lastKnownFileType = sourcecode.c.h; path = Thread.h; sourceTree = "<group>"; };
		7EC2BA281667557500F3D545 /* Framework.h */ = {isa = PBXFileReference; lastKnownFileType = sourcecode.c.h; path = Framework.h; sourceTree = "<group>"; };
		7EC2BA2A1667557500F3D545 /* Image.cpp */ = {isa = PBXFileReference; lastKnownFileType = sourcecode.cpp.cpp; path = Image.cpp; sourceTree = "<group>"; };
		7EC2BA2B1667557500F3D545 /* Image.h */ = {isa = PBXFileReference; lastKnownFileType = sourcecode.c.h; path = Image.h; sourceTree = "<group>"; };
		7EC2BA2C1667557500F3D545 /* ImageLoader.cpp */ = {isa = PBXFileReference; lastKnownFileType = sourcecode.cpp.cpp; path = ImageLoader.cpp; sourceTree = "<group>"; };
		7EC2BA2D1667557500F3D545 /* PixelBuffer.cpp */ = {isa = PBXFileReference; lastKnownFileType = sourcecode.cpp.cpp; path = PixelBuffer.cpp; sourceTree = "<group>"; };
		7EC2BA2E1667557500F3D545 /* PixelBuffer.h */ = {isa = PBXFileReference; lastKnownFileType = sourcecode.c.h; path = PixelBuffer.h; sourceTree = "<group>"; };
		7EC2BA2F1667557500F3D545 /* PixelBufferSaver-PNG.cpp */ = {isa = PBXFileReference; lastKnownFileType = sourcecode.cpp.cpp; path = "PixelBufferSaver-PNG.cpp"; sourceTree = "<group>"; };
		7EC2BA301667557500F3D545 /* PixelBufferSaver.h */ = {isa = PBXFileReference; lastKnownFileType = sourcecode.c.h; path = PixelBufferSaver.h; sourceTree = "<group>"; };
		7EC2BA321667557500F3D545 /* Address.cpp */ = {isa = PBXFileReference; lastKnownFileType = sourcecode.cpp.cpp; path = Address.cpp; sourceTree = "<group>"; };
		7EC2BA331667557500F3D545 /* Address.h */ = {isa = PBXFileReference; lastKnownFileType = sourcecode.c.h; path = Address.h; sourceTree = "<group>"; };
		7EC2BA341667557500F3D545 /* Message.cpp */ = {isa = PBXFileReference; lastKnownFileType = sourcecode.cpp.cpp; path = Message.cpp; sourceTree = "<group>"; };
		7EC2BA351667557500F3D545 /* Message.h */ = {isa = PBXFileReference; lastKnownFileType = sourcecode.c.h; path = Message.h; sourceTree = "<group>"; };
		7EC2BA361667557500F3D545 /* Network.cpp */ = {isa = PBXFileReference; lastKnownFileType = sourcecode.cpp.cpp; path = Network.cpp; sourceTree = "<group>"; };
		7EC2BA371667557500F3D545 /* Network.h */ = {isa = PBXFileReference; lastKnownFileType = sourcecode.c.h; path = Network.h; sourceTree = "<group>"; };
		7EC2BA381667557500F3D545 /* Server.cpp */ = {isa = PBXFileReference; lastKnownFileType = sourcecode.cpp.cpp; path = Server.cpp; sourceTree = "<group>"; };
		7EC2BA391667557500F3D545 /* Server.h */ = {isa = PBXFileReference; lastKnownFileType = sourcecode.c.h; path = Server.h; sourceTree = "<group>"; };
		7EC2BA3A1667557500F3D545 /* ServerTest.cpp */ = {isa = PBXFileReference; lastKnownFileType = sourcecode.cpp.cpp; path = ServerTest.cpp; sourceTree = "<group>"; };
		7EC2BA3B1667557500F3D545 /* Socket.cpp */ = {isa = PBXFileReference; lastKnownFileType = sourcecode.cpp.cpp; path = Socket.cpp; sourceTree = "<group>"; };
		7EC2BA3C1667557500F3D545 /* Socket.h */ = {isa = PBXFileReference; lastKnownFileType = sourcecode.c.h; path = Socket.h; sourceTree = "<group>"; };
		7EC2BA3D1667557500F3D545 /* Reference.cpp */ = {isa = PBXFileReference; lastKnownFileType = sourcecode.cpp.cpp; path = Reference.cpp; sourceTree = "<group>"; };
		7EC2BA3E1667557500F3D545 /* Reference.h */ = {isa = PBXFileReference; lastKnownFileType = sourcecode.c.h; path = Reference.h; sourceTree = "<group>"; };
		7EC2BA401667557500F3D545 /* BirdsEyeCamera.cpp */ = {isa = PBXFileReference; lastKnownFileType = sourcecode.cpp.cpp; path = BirdsEyeCamera.cpp; sourceTree = "<group>"; };
		7EC2BA411667557500F3D545 /* BirdsEyeCamera.h */ = {isa = PBXFileReference; lastKnownFileType = sourcecode.c.h; path = BirdsEyeCamera.h; sourceTree = "<group>"; };
		7EC2BA421667557500F3D545 /* Camera.cpp */ = {isa = PBXFileReference; lastKnownFileType = sourcecode.cpp.cpp; path = Camera.cpp; sourceTree = "<group>"; };
		7EC2BA431667557500F3D545 /* Camera.h */ = {isa = PBXFileReference; lastKnownFileType = sourcecode.c.h; path = Camera.h; sourceTree = "<group>"; };
		7EC2BA441667557500F3D545 /* PointCamera.cpp */ = {isa = PBXFileReference; lastKnownFileType = sourcecode.cpp.cpp; path = PointCamera.cpp; sourceTree = "<group>"; };
		7EC2BA451667557500F3D545 /* PointCamera.h */ = {isa = PBXFileReference; lastKnownFileType = sourcecode.c.h; path = PointCamera.h; sourceTree = "<group>"; };
		7EC2BA461667557500F3D545 /* Projection.cpp */ = {isa = PBXFileReference; lastKnownFileType = sourcecode.cpp.cpp; path = Projection.cpp; sourceTree = "<group>"; };
		7EC2BA471667557500F3D545 /* Projection.h */ = {isa = PBXFileReference; lastKnownFileType = sourcecode.c.h; path = Projection.h; sourceTree = "<group>"; };
		7EC2BA481667557500F3D545 /* Renderer.h */ = {isa = PBXFileReference; lastKnownFileType = sourcecode.c.h; path = Renderer.h; sourceTree = "<group>"; };
		7EC2BA491667557500F3D545 /* Viewport.cpp */ = {isa = PBXFileReference; lastKnownFileType = sourcecode.cpp.cpp; path = Viewport.cpp; sourceTree = "<group>"; };
		7EC2BA4A1667557500F3D545 /* Viewport.h */ = {isa = PBXFileReference; lastKnownFileType = sourcecode.c.h; path = Viewport.h; sourceTree = "<group>"; };
		7EC2BA4C1667557500F3D545 /* Loadable.cpp */ = {isa = PBXFileReference; lastKnownFileType = sourcecode.cpp.cpp; path = Loadable.cpp; sourceTree = "<group>"; };
		7EC2BA4D1667557500F3D545 /* Loadable.h */ = {isa = PBXFileReference; lastKnownFileType = sourcecode.c.h; path = Loadable.h; sourceTree = "<group>"; };
		7EC2BA4E1667557500F3D545 /* Loader.cpp */ = {isa = PBXFileReference; lastKnownFileType = sourcecode.cpp.cpp; path = Loader.cpp; sourceTree = "<group>"; };
		7EC2BA4F1667557500F3D545 /* Loader.h */ = {isa = PBXFileReference; lastKnownFileType = sourcecode.c.h; path = Loader.h; sourceTree = "<group>"; };
		7EC2BA521667557500F3D545 /* AlignedTree.cpp */ = {isa = PBXFileReference; lastKnownFileType = sourcecode.cpp.cpp; path = AlignedTree.cpp; sourceTree = "<group>"; };
		7EC2BA531667557500F3D545 /* AlignedTree.h */ = {isa = PBXFileReference; lastKnownFileType = sourcecode.c.h; path = AlignedTree.h; sourceTree = "<group>"; };
		7EC2BA541667557500F3D545 /* HeightMap.cpp */ = {isa = PBXFileReference; lastKnownFileType = sourcecode.cpp.cpp; path = HeightMap.cpp; sourceTree = "<group>"; };
		7EC2BA551667557500F3D545 /* HeightMap.h */ = {isa = PBXFileReference; lastKnownFileType = sourcecode.c.h; path = HeightMap.h; sourceTree = "<group>"; };
		7EC2BA561667557500F3D545 /* PathFinder.cpp */ = {isa = PBXFileReference; lastKnownFileType = sourcecode.cpp.cpp; path = PathFinder.cpp; sourceTree = "<group>"; };
		7EC2BA571667557500F3D545 /* PathFinder.h */ = {isa = PBXFileReference; lastKnownFileType = sourcecode.c.h; path = PathFinder.h; sourceTree = "<group>"; };
		7EC2BA591667557500F3D545 /* Font.cpp */ = {isa = PBXFileReference; lastKnownFileType = sourcecode.cpp.cpp; path = Font.cpp; sourceTree = "<group>"; };
		7EC2BA5A1667557500F3D545 /* Font.h */ = {isa = PBXFileReference; lastKnownFileType = sourcecode.c.h; path = Font.h; sourceTree = "<group>"; };
		7EC2BA5B1667557500F3D545 /* FontFace.cpp */ = {isa = PBXFileReference; lastKnownFileType = sourcecode.cpp.cpp; path = FontFace.cpp; sourceTree = "<group>"; };
		7EC2BA5C1667557500F3D545 /* FontFace.h */ = {isa = PBXFileReference; lastKnownFileType = sourcecode.c.h; path = FontFace.h; sourceTree = "<group>"; };
		7EC2BA5D1667557500F3D545 /* TextBlock.cpp */ = {isa = PBXFileReference; lastKnownFileType = sourcecode.cpp.cpp; path = TextBlock.cpp; sourceTree = "<group>"; };
		7EC2BA5E1667557500F3D545 /* TextBlock.h */ = {isa = PBXFileReference; lastKnownFileType = sourcecode.c.h; path = TextBlock.h; sourceTree = "<group>"; };
		7EC2BA5F1667557500F3D545 /* TextBuffer.cpp */ = {isa = PBXFileReference; lastKnownFileType = sourcecode.cpp.cpp; path = TextBuffer.cpp; sourceTree = "<group>"; };
		7EC2BA601667557500F3D545 /* TextBuffer.h */ = {isa = PBXFileReference; lastKnownFileType = sourcecode.c.h; path = TextBuffer.h; sourceTree = "<group>"; };
		7EC2BA651667557500F3D545 /* Application.h */ = {isa = PBXFileReference; lastKnownFileType = sourcecode.c.h; path = Application.h; sourceTree = "<group>"; };
		7EC2BA661667557500F3D545 /* Application.mm */ = {isa = PBXFileReference; lastKnownFileType = sourcecode.cpp.objcpp; path = Application.mm; sourceTree = "<group>"; };
		7EC2BA671667557500F3D545 /* Context.h */ = {isa = PBXFileReference; lastKnownFileType = sourcecode.c.h; path = Context.h; sourceTree = "<group>"; };
		7EC2BA681667557500F3D545 /* Context.mm */ = {isa = PBXFileReference; lastKnownFileType = sourcecode.cpp.objcpp; path = Context.mm; sourceTree = "<group>"; };
		7EC2BA691667557500F3D545 /* DApplicationDelegate.h */ = {isa = PBXFileReference; lastKnownFileType = sourcecode.c.h; path = DApplicationDelegate.h; sourceTree = "<group>"; };
		7EC2BA6A1667557500F3D545 /* DApplicationDelegate.mm */ = {isa = PBXFileReference; lastKnownFileType = sourcecode.cpp.objcpp; path = DApplicationDelegate.mm; sourceTree = "<group>"; };
		7EC2BA6B1667557500F3D545 /* DOpenGLView.h */ = {isa = PBXFileReference; lastKnownFileType = sourcecode.c.h; path = DOpenGLView.h; sourceTree = "<group>"; };
		7EC2BA6C1667557500F3D545 /* DOpenGLView.mm */ = {isa = PBXFileReference; lastKnownFileType = sourcecode.cpp.objcpp; path = DOpenGLView.mm; sourceTree = "<group>"; };
		7EC2BA6D1667557500F3D545 /* DWindowDelegate.h */ = {isa = PBXFileReference; lastKnownFileType = sourcecode.c.h; path = DWindowDelegate.h; sourceTree = "<group>"; };
		7EC2BA6E1667557500F3D545 /* DWindowDelegate.mm */ = {isa = PBXFileReference; lastKnownFileType = sourcecode.cpp.objcpp; path = DWindowDelegate.mm; sourceTree = "<group>"; };
		7EC2BA6F1667557500F3D545 /* Renderer.h */ = {isa = PBXFileReference; lastKnownFileType = sourcecode.c.h; path = Renderer.h; sourceTree = "<group>"; };
		7EC2BA711667557500F3D545 /* Loader-Cocoa.mm */ = {isa = PBXFileReference; lastKnownFileType = sourcecode.cpp.objcpp; path = "Loader-Cocoa.mm"; sourceTree = "<group>"; };
		7EC2BA741667557500F3D545 /* Timer-CoreVideo.cpp */ = {isa = PBXFileReference; lastKnownFileType = sourcecode.cpp.cpp; path = "Timer-CoreVideo.cpp"; sourceTree = "<group>"; };
		7EC2BA771667557500F3D545 /* Path-NSFileManager.mm */ = {isa = PBXFileReference; lastKnownFileType = sourcecode.cpp.objcpp; path = "Path-NSFileManager.mm"; sourceTree = "<group>"; };
/* End PBXFileReference section */

/* Begin PBXFrameworksBuildPhase section */
		7EA912750EB41A080080E66D /* Frameworks */ = {
			isa = PBXFrameworksBuildPhase;
			buildActionMask = 2147483647;
			files = (
			);
			runOnlyForDeploymentPostprocessing = 0;
		};
/* End PBXFrameworksBuildPhase section */

/* Begin PBXGroup section */
		034768DFFF38A50411DB9C8B /* Products */ = {
			isa = PBXGroup;
			children = (
				7EA912770EB41A080080E66D /* Dream */,
			);
			name = Products;
			sourceTree = "<group>";
		};
		0867D691FE84028FC02AAC07 /* Dream */ = {
			isa = PBXGroup;
			children = (
				7E3EA859118086DB00F6C40B /* README.md */,
				7EC2B9BE1667557500F3D545 /* source */,
				7EBC1F240FA5178700D2CA1D /* Share */,
				034768DFFF38A50411DB9C8B /* Products */,
			);
			name = Dream;
			sourceTree = "<group>";
		};
		7EB05B4E15EE6B3E00511954 /* build */ = {
			isa = PBXGroup;
			children = (
				7EB05B4F15EE6B3E00511954 /* Base.xcconfig */,
				7EB05B5015EE6B3E00511954 /* Dream.xcconfig */,
				7EB05B5115EE6B3E00511954 /* Library.xcconfig */,
				7EB05B5215EE6B3E00511954 /* UnitTests.xcconfig */,
			);
			path = build;
			sourceTree = "<group>";
		};
		7EB05B5315EE6B3E00511954 /* resources */ = {
			isa = PBXGroup;
			children = (
				7EB05B5415EE6B3E00511954 /* Dream Icon (114x114).png */,
				7EB05B5515EE6B3E00511954 /* Dream Icon (144x144).png */,
				7EB05B5615EE6B3E00511954 /* Dream Icon (512x512).png */,
				7EB05B5715EE6B3E00511954 /* Dream Icon (57x57).png */,
				7EB05B5815EE6B3E00511954 /* Dream Icon (72x72).png */,
				7EB05B5915EE6B3E00511954 /* Dream Icon (Original).artx */,
				7EB05B5A15EE6B3E00511954 /* Dream Icon.icns */,
				7EB05B5B15EE6B3E00511954 /* Dream Icon.pdf */,
				7EB05B5C15EE6B3E00511954 /* Dream Logo (Original).artx */,
				7EB05B5D15EE6B3E00511954 /* Dream.iconset */,
			);
			path = resources;
			sourceTree = "<group>";
		};
		7EBC1F240FA5178700D2CA1D /* Share */ = {
			isa = PBXGroup;
			children = (
				7EB05B4E15EE6B3E00511954 /* build */,
				7EB05B5315EE6B3E00511954 /* resources */,
			);
			name = Share;
			path = share;
			sourceTree = "<group>";
		};
		7EC2B9BE1667557500F3D545 /* source */ = {
			isa = PBXGroup;
			children = (
				7EC2B9BF1667557500F3D545 /* Dream */,
				7EC2BA611667557500F3D545 /* Dream-Cocoa */,
				7EC2BA721667557500F3D545 /* Dream-CoreVideo */,
				7EC2BA751667557500F3D545 /* Dream-NSFileManager */,
			);
			path = source;
			sourceTree = "<group>";
		};
		7EC2B9BF1667557500F3D545 /* Dream */ = {
			isa = PBXGroup;
			children = (
				7EC2BA121667557500F3D545 /* Dream.h */,
				7EC2BA281667557500F3D545 /* Framework.h */,
				7EC2B9C11667557500F3D545 /* Assertion.h */,
				7EC2B9C01667557500F3D545 /* Assertion.cpp */,
				7EC2B9C31667557500F3D545 /* Class.h */,
				7EC2B9C21667557500F3D545 /* Class.cpp */,
				7EC2BA3E1667557500F3D545 /* Reference.h */,
				7EC2BA3D1667557500F3D545 /* Reference.cpp */,
				7EC2B9EF1667557500F3D545 /* Core */,
				7EC2BA131667557500F3D545 /* Events */,
				7EC2BA4B1667557500F3D545 /* Resources */,
				7EC2BA291667557500F3D545 /* Imaging */,
				7EC2BA311667557500F3D545 /* Network */,
				7EC2BA3F1667557500F3D545 /* Renderer */,
				7EC2BA511667557500F3D545 /* Simulation */,
				7EC2BA581667557500F3D545 /* Text */,
				7EC2B9C41667557500F3D545 /* Client */,
			);
			path = Dream;
			sourceTree = "<group>";
		};
		7EC2B9C41667557500F3D545 /* Client */ = {
			isa = PBXGroup;
			children = (
				7EC2B9CE1667557500F3D545 /* Client.h */,
				7EC2B9CF1667557500F3D545 /* Display */,
				7EC2B9C51667557500F3D545 /* Audio */,
				7EC2B9D61667557500F3D545 /* Graphics */,
			);
			path = Client;
			sourceTree = "<group>";
		};
		7EC2B9C51667557500F3D545 /* Audio */ = {
			isa = PBXGroup;
			children = (
				7EC2B9C71667557500F3D545 /* Mixer.h */,
				7EC2B9C61667557500F3D545 /* Mixer.cpp */,
				7EC2B9C91667557500F3D545 /* OggResource.h */,
				7EC2B9C81667557500F3D545 /* OggResource.cpp */,
				7EC2B9CB1667557500F3D545 /* Sound.h */,
				7EC2B9CA1667557500F3D545 /* Sound.cpp */,
				7EC2B9CD1667557500F3D545 /* Stream.h */,
				7EC2B9CC1667557500F3D545 /* Stream.cpp */,
			);
			path = Audio;
			sourceTree = "<group>";
		};
		7EC2B9CF1667557500F3D545 /* Display */ = {
			isa = PBXGroup;
			children = (
				7EC2B9D11667557500F3D545 /* Application.h */,
				7EC2B9D01667557500F3D545 /* Application.cpp */,
				7EC2B9D31667557500F3D545 /* Context.h */,
				7EC2B9D21667557500F3D545 /* Context.cpp */,
				7EC2B9D51667557500F3D545 /* Scene.h */,
				7EC2B9D41667557500F3D545 /* Scene.cpp */,
			);
			path = Display;
			sourceTree = "<group>";
		};
		7EC2B9D61667557500F3D545 /* Graphics */ = {
			isa = PBXGroup;
			children = (
				7EC2B9D71667557500F3D545 /* Buffer.cpp */,
				7EC2B9D81667557500F3D545 /* Buffer.h */,
				7EC2B9D91667557500F3D545 /* FrameBuffer.cpp */,
				7EC2B9DA1667557500F3D545 /* FrameBuffer.h */,
				7EC2B9DB1667557500F3D545 /* Graphics.cpp */,
				7EC2B9DC1667557500F3D545 /* Graphics.h */,
				7EC2B9DD1667557500F3D545 /* MeshBuffer.cpp */,
				7EC2B9DE1667557500F3D545 /* MeshBuffer.h */,
				7EC2B9DF1667557500F3D545 /* ParticleRenderer.cpp */,
				7EC2B9E01667557500F3D545 /* ParticleRenderer.h */,
				7EC2B9E11667557500F3D545 /* PixelBufferRenderer.cpp */,
				7EC2B9E21667557500F3D545 /* PixelBufferRenderer.h */,
				7EC2B9E31667557500F3D545 /* Renderer.cpp */,
				7EC2B9E41667557500F3D545 /* Renderer.h */,
				7EC2B9E51667557500F3D545 /* ShaderManager.cpp */,
				7EC2B9E61667557500F3D545 /* ShaderManager.h */,
				7EC2B9E71667557500F3D545 /* TextureManager.cpp */,
				7EC2B9E81667557500F3D545 /* TextureManager.h */,
				7EC2B9E91667557500F3D545 /* VertexArray.cpp */,
				7EC2B9EA1667557500F3D545 /* VertexArray.h */,
				7EC2B9EB1667557500F3D545 /* View.cpp */,
				7EC2B9EC1667557500F3D545 /* View.h */,
				7EC2B9ED1667557500F3D545 /* WireframeRenderer.cpp */,
				7EC2B9EE1667557500F3D545 /* WireframeRenderer.h */,
			);
			path = Graphics;
			sourceTree = "<group>";
		};
		7EC2B9EF1667557500F3D545 /* Core */ = {
			isa = PBXGroup;
			children = (
				7EC2B9F51667557500F3D545 /* Core.h */,
				7EC2BA0B1667557500F3D545 /* System.h */,
				7EC2BA0A1667557500F3D545 /* System.cpp */,
				7EC2B9F21667557500F3D545 /* Buffer.h */,
				7EC2B9F11667557500F3D545 /* Buffer.cpp */,
				7EC2B9F71667557500F3D545 /* Data.h */,
				7EC2B9F61667557500F3D545 /* Data.cpp */,
				7EC2B9FB1667557500F3D545 /* Endian.h */,
				7EC2B9FA1667557500F3D545 /* Endian.cpp */,
				7EC2BA091667557500F3D545 /* Strings.h */,
				7EC2BA081667557500F3D545 /* Strings.cpp */,
				7EC2BA021667557500F3D545 /* Strings */,
				7EC2B9F91667557500F3D545 /* Dictionary.h */,
				7EC2B9F81667557500F3D545 /* Dictionary.cpp */,
				7EC2B9FD1667557500F3D545 /* ObjectSet.h */,
				7EC2B9FC1667557500F3D545 /* ObjectSet.cpp */,
				7EC2B9FF1667557500F3D545 /* Path.h */,
				7EC2B9FE1667557500F3D545 /* Path.cpp */,
				7EC2BA011667557500F3D545 /* Serialization.h */,
				7EC2BA001667557500F3D545 /* Serialization.cpp */,
				7EC2BA0D1667557500F3D545 /* Timer.h */,
				7EC2BA0C1667557500F3D545 /* Timer.cpp */,
				7EC2BA0F1667557500F3D545 /* URI.h */,
				7EC2BA0E1667557500F3D545 /* URI.cpp */,
				7EC2BA111667557500F3D545 /* Value.h */,
				7EC2BA101667557500F3D545 /* Value.cpp */,
				7EC2B9F01667557500F3D545 /* Algorithm.h */,
			);
			path = Core;
			sourceTree = "<group>";
		};
		7EC2BA021667557500F3D545 /* Strings */ = {
			isa = PBXGroup;
			children = (
				7EC2BA031667557500F3D545 /* utf8 */,
				7EC2BA071667557500F3D545 /* utf8.h */,
			);
			path = Strings;
			sourceTree = "<group>";
		};
		7EC2BA031667557500F3D545 /* utf8 */ = {
			isa = PBXGroup;
			children = (
				7EC2BA041667557500F3D545 /* checked.h */,
				7EC2BA051667557500F3D545 /* core.h */,
				7EC2BA061667557500F3D545 /* unchecked.h */,
			);
			path = utf8;
			sourceTree = "<group>";
		};
		7EC2BA131667557500F3D545 /* Events */ = {
			isa = PBXGroup;
			children = (
				7EC2BA161667557500F3D545 /* Events.h */,
				7EC2BA1A1667557500F3D545 /* Input.h */,
				7EC2BA191667557500F3D545 /* Input.cpp */,
				7EC2BA221667557500F3D545 /* Source.h */,
				7EC2BA211667557500F3D545 /* Source.cpp */,
				7EC2BA1E1667557500F3D545 /* Loop.h */,
				7EC2BA1D1667557500F3D545 /* Loop.cpp */,
				7EC2BA201667557500F3D545 /* MultiFingerInput.h */,
				7EC2BA1F1667557500F3D545 /* MultiFingerInput.cpp */,
				7EC2BA151667557500F3D545 /* Console.h */,
				7EC2BA141667557500F3D545 /* Console.cpp */,
				7EC2BA181667557500F3D545 /* Fader.h */,
				7EC2BA171667557500F3D545 /* Fader.cpp */,
				7EC2BA1C1667557500F3D545 /* Logger.h */,
				7EC2BA1B1667557500F3D545 /* Logger.cpp */,
				7EC2BA241667557500F3D545 /* Thread.h */,
				7EC2BA231667557500F3D545 /* Thread.cpp */,
			);
			path = Events;
			sourceTree = "<group>";
		};
		7EC2BA291667557500F3D545 /* Imaging */ = {
			isa = PBXGroup;
			children = (
				7EC2BA2E1667557500F3D545 /* PixelBuffer.h */,
				7EC2BA2D1667557500F3D545 /* PixelBuffer.cpp */,
				7EC2BA2B1667557500F3D545 /* Image.h */,
				7EC2BA2A1667557500F3D545 /* Image.cpp */,
				7EC2BA2C1667557500F3D545 /* ImageLoader.cpp */,
				7EC2BA301667557500F3D545 /* PixelBufferSaver.h */,
				7EC2BA2F1667557500F3D545 /* PixelBufferSaver-PNG.cpp */,
			);
			path = Imaging;
			sourceTree = "<group>";
		};
		7EC2BA311667557500F3D545 /* Network */ = {
			isa = PBXGroup;
			children = (
				7EC2BA321667557500F3D545 /* Address.cpp */,
				7EC2BA331667557500F3D545 /* Address.h */,
				7EC2BA341667557500F3D545 /* Message.cpp */,
				7EC2BA351667557500F3D545 /* Message.h */,
				7EC2BA361667557500F3D545 /* Network.cpp */,
				7EC2BA371667557500F3D545 /* Network.h */,
				7EC2BA381667557500F3D545 /* Server.cpp */,
				7EC2BA391667557500F3D545 /* Server.h */,
				7EC2BA3A1667557500F3D545 /* ServerTest.cpp */,
				7EC2BA3B1667557500F3D545 /* Socket.cpp */,
				7EC2BA3C1667557500F3D545 /* Socket.h */,
			);
			path = Network;
			sourceTree = "<group>";
		};
		7EC2BA3F1667557500F3D545 /* Renderer */ = {
			isa = PBXGroup;
			children = (
				7EC2BA401667557500F3D545 /* BirdsEyeCamera.cpp */,
				7EC2BA411667557500F3D545 /* BirdsEyeCamera.h */,
				7EC2BA421667557500F3D545 /* Camera.cpp */,
				7EC2BA431667557500F3D545 /* Camera.h */,
				7EC2BA441667557500F3D545 /* PointCamera.cpp */,
				7EC2BA451667557500F3D545 /* PointCamera.h */,
				7EC2BA461667557500F3D545 /* Projection.cpp */,
				7EC2BA471667557500F3D545 /* Projection.h */,
				7EC2BA481667557500F3D545 /* Renderer.h */,
				7EC2BA491667557500F3D545 /* Viewport.cpp */,
				7EC2BA4A1667557500F3D545 /* Viewport.h */,
			);
			path = Renderer;
			sourceTree = "<group>";
		};
		7EC2BA4B1667557500F3D545 /* Resources */ = {
			isa = PBXGroup;
			children = (
				7EC2BA4D1667557500F3D545 /* Loadable.h */,
				7EC2BA4C1667557500F3D545 /* Loadable.cpp */,
				7EC2BA4F1667557500F3D545 /* Loader.h */,
				7EC2BA4E1667557500F3D545 /* Loader.cpp */,
			);
			path = Resources;
			sourceTree = "<group>";
		};
		7EC2BA511667557500F3D545 /* Simulation */ = {
			isa = PBXGroup;
			children = (
				7EC2BA521667557500F3D545 /* AlignedTree.cpp */,
				7EC2BA531667557500F3D545 /* AlignedTree.h */,
				7EC2BA541667557500F3D545 /* HeightMap.cpp */,
				7EC2BA551667557500F3D545 /* HeightMap.h */,
				7EC2BA561667557500F3D545 /* PathFinder.cpp */,
				7EC2BA571667557500F3D545 /* PathFinder.h */,
			);
			path = Simulation;
			sourceTree = "<group>";
		};
		7EC2BA581667557500F3D545 /* Text */ = {
			isa = PBXGroup;
			children = (
				7EC2BA591667557500F3D545 /* Font.cpp */,
				7EC2BA5A1667557500F3D545 /* Font.h */,
				7EC2BA5B1667557500F3D545 /* FontFace.cpp */,
				7EC2BA5C1667557500F3D545 /* FontFace.h */,
				7EC2BA5D1667557500F3D545 /* TextBlock.cpp */,
				7EC2BA5E1667557500F3D545 /* TextBlock.h */,
				7EC2BA5F1667557500F3D545 /* TextBuffer.cpp */,
				7EC2BA601667557500F3D545 /* TextBuffer.h */,
			);
			path = Text;
			sourceTree = "<group>";
		};
		7EC2BA611667557500F3D545 /* Dream-Cocoa */ = {
			isa = PBXGroup;
			children = (
				7EC2BA621667557500F3D545 /* Client */,
				7EC2BA701667557500F3D545 /* Resources */,
			);
			path = "Dream-Cocoa";
			sourceTree = "<group>";
		};
		7EC2BA621667557500F3D545 /* Client */ = {
			isa = PBXGroup;
			children = (
				7EC2BA631667557500F3D545 /* Display */,
			);
			path = Client;
			sourceTree = "<group>";
		};
		7EC2BA631667557500F3D545 /* Display */ = {
			isa = PBXGroup;
			children = (
				7EC2BA641667557500F3D545 /* Cocoa */,
			);
			path = Display;
			sourceTree = "<group>";
		};
		7EC2BA641667557500F3D545 /* Cocoa */ = {
			isa = PBXGroup;
			children = (
				7EC2BA6F1667557500F3D545 /* Renderer.h */,
				7EC2BA651667557500F3D545 /* Application.h */,
				7EC2BA661667557500F3D545 /* Application.mm */,
				7EC2BA671667557500F3D545 /* Context.h */,
				7EC2BA681667557500F3D545 /* Context.mm */,
				7EC2BA691667557500F3D545 /* DApplicationDelegate.h */,
				7EC2BA6A1667557500F3D545 /* DApplicationDelegate.mm */,
				7EC2BA6B1667557500F3D545 /* DOpenGLView.h */,
				7EC2BA6C1667557500F3D545 /* DOpenGLView.mm */,
				7EC2BA6D1667557500F3D545 /* DWindowDelegate.h */,
				7EC2BA6E1667557500F3D545 /* DWindowDelegate.mm */,
			);
			path = Cocoa;
			sourceTree = "<group>";
		};
		7EC2BA701667557500F3D545 /* Resources */ = {
			isa = PBXGroup;
			children = (
				7EC2BA711667557500F3D545 /* Loader-Cocoa.mm */,
			);
			path = Resources;
			sourceTree = "<group>";
		};
		7EC2BA721667557500F3D545 /* Dream-CoreVideo */ = {
			isa = PBXGroup;
			children = (
				7EC2BA731667557500F3D545 /* Core */,
			);
			path = "Dream-CoreVideo";
			sourceTree = "<group>";
		};
		7EC2BA731667557500F3D545 /* Core */ = {
			isa = PBXGroup;
			children = (
				7EC2BA741667557500F3D545 /* Timer-CoreVideo.cpp */,
			);
			path = Core;
			sourceTree = "<group>";
		};
		7EC2BA751667557500F3D545 /* Dream-NSFileManager */ = {
			isa = PBXGroup;
			children = (
				7EC2BA761667557500F3D545 /* Core */,
			);
			path = "Dream-NSFileManager";
			sourceTree = "<group>";
		};
		7EC2BA761667557500F3D545 /* Core */ = {
			isa = PBXGroup;
			children = (
				7EC2BA771667557500F3D545 /* Path-NSFileManager.mm */,
			);
			path = Core;
			sourceTree = "<group>";
		};
/* End PBXGroup section */

/* Begin PBXNativeTarget section */
		7EA912760EB41A080080E66D /* Dream */ = {
			isa = PBXNativeTarget;
			buildConfigurationList = 7EA912990EB41AA40080E66D /* Build configuration list for PBXNativeTarget "Dream" */;
			buildPhases = (
				7EA912740EB41A080080E66D /* Sources */,
				7EA912750EB41A080080E66D /* Frameworks */,
			);
			buildRules = (
			);
			dependencies = (
			);
			name = Dream;
			productName = "Unit Tests";
			productReference = 7EA912770EB41A080080E66D /* Dream */;
			productType = "com.apple.product-type.tool";
		};
/* End PBXNativeTarget section */

/* Begin PBXProject section */
		0867D690FE84028FC02AAC07 /* Project object */ = {
			isa = PBXProject;
			attributes = {
				LastUpgradeCheck = 0430;
				ORGANIZATIONNAME = "Orion Transfer Ltd";
			};
			buildConfigurationList = 1DEB91B108733DA50010E9CD /* Build configuration list for PBXProject "Dream" */;
			compatibilityVersion = "Xcode 3.2";
			developmentRegion = English;
			hasScannedForEncodings = 1;
			knownRegions = (
				English,
				Japanese,
				French,
				German,
			);
			mainGroup = 0867D691FE84028FC02AAC07 /* Dream */;
			productRefGroup = 034768DFFF38A50411DB9C8B /* Products */;
			projectDirPath = "";
			projectRoot = "";
			targets = (
				7EA912760EB41A080080E66D /* Dream */,
			);
		};
/* End PBXProject section */

/* Begin PBXSourcesBuildPhase section */
		7EA912740EB41A080080E66D /* Sources */ = {
			isa = PBXSourcesBuildPhase;
			buildActionMask = 2147483647;
			files = (
				7EC2BA98166758B000F3D545 /* Assertion.cpp in Sources */,
				7EC2BA99166758B200F3D545 /* Class.cpp in Sources */,
				7EC2BA9A166758E900F3D545 /* Mixer.cpp in Sources */,
				7EC2BA9B166758E900F3D545 /* OggResource.cpp in Sources */,
				7EC2BA9C166758E900F3D545 /* Sound.cpp in Sources */,
				7EC2BA9D166758E900F3D545 /* Stream.cpp in Sources */,
				7EC2BA9F166758E900F3D545 /* Context.cpp in Sources */,
				7EC2BAA0166758E900F3D545 /* Scene.cpp in Sources */,
				7EC2BAA1166758E900F3D545 /* Buffer.cpp in Sources */,
				7EC2BAA2166758E900F3D545 /* FrameBuffer.cpp in Sources */,
				7EC2BAA3166758E900F3D545 /* Graphics.cpp in Sources */,
				7EC2BAA4166758E900F3D545 /* MeshBuffer.cpp in Sources */,
				7EC2BAA5166758E900F3D545 /* ParticleRenderer.cpp in Sources */,
				7EC2BAA6166758E900F3D545 /* PixelBufferRenderer.cpp in Sources */,
				7EC2BAA7166758E900F3D545 /* Renderer.cpp in Sources */,
				7EC2BAA8166758E900F3D545 /* ShaderManager.cpp in Sources */,
				7EC2BAA9166758E900F3D545 /* TextureManager.cpp in Sources */,
				7EC2BAAA166758E900F3D545 /* VertexArray.cpp in Sources */,
				7EC2BAAB166758E900F3D545 /* View.cpp in Sources */,
				7EC2BAAC166758E900F3D545 /* WireframeRenderer.cpp in Sources */,
				7EC2BAAD166758E900F3D545 /* Buffer.cpp in Sources */,
				7EC2BAAF166758E900F3D545 /* Data.cpp in Sources */,
				7EC2BAB0166758E900F3D545 /* Dictionary.cpp in Sources */,
				7EC2BAB1166758E900F3D545 /* Endian.cpp in Sources */,
				7EC2BAB2166758E900F3D545 /* ObjectSet.cpp in Sources */,
				7EC2BAB3166758E900F3D545 /* Path.cpp in Sources */,
				7EC2BAB4166758E900F3D545 /* Serialization.cpp in Sources */,
				7EC2BAB5166758E900F3D545 /* Strings.cpp in Sources */,
				7EC2BAB6166758E900F3D545 /* System.cpp in Sources */,
				7EC2BAB7166758E900F3D545 /* Timer.cpp in Sources */,
				7EC2BAB8166758E900F3D545 /* URI.cpp in Sources */,
				7EC2BAB9166758E900F3D545 /* Value.cpp in Sources */,
				7EC2BABA166758E900F3D545 /* Console.cpp in Sources */,
				7EC2BABB166758E900F3D545 /* Fader.cpp in Sources */,
				7EC2BABC166758E900F3D545 /* Input.cpp in Sources */,
				7EC2BABD166758E900F3D545 /* Logger.cpp in Sources */,
				7EC2BABE166758E900F3D545 /* Loop.cpp in Sources */,
				7EC2BABF166758E900F3D545 /* MultiFingerInput.cpp in Sources */,
				7EC2BAC0166758E900F3D545 /* Source.cpp in Sources */,
				7EC2BAC1166758E900F3D545 /* Thread.cpp in Sources */,
				7EC2BAC4166758E900F3D545 /* Image.cpp in Sources */,
				7EC2BAC5166758E900F3D545 /* ImageLoader.cpp in Sources */,
				7EC2BAC6166758E900F3D545 /* PixelBuffer.cpp in Sources */,
				7EC2BAC7166758E900F3D545 /* PixelBufferSaver-PNG.cpp in Sources */,
				7EC2BAC8166758E900F3D545 /* Address.cpp in Sources */,
				7EC2BAC9166758E900F3D545 /* Message.cpp in Sources */,
				7EC2BACA166758E900F3D545 /* Network.cpp in Sources */,
				7EC2BACB166758E900F3D545 /* Server.cpp in Sources */,
				7EC2BACC166758E900F3D545 /* ServerTest.cpp in Sources */,
				7EC2BACD166758E900F3D545 /* Socket.cpp in Sources */,
				7EC2BACE166758E900F3D545 /* Reference.cpp in Sources */,
				7EC2BACF166758E900F3D545 /* BirdsEyeCamera.cpp in Sources */,
				7EC2BAD0166758E900F3D545 /* Camera.cpp in Sources */,
				7EC2BAD1166758E900F3D545 /* PointCamera.cpp in Sources */,
				7EC2BAD2166758E900F3D545 /* Projection.cpp in Sources */,
				7EC2BAD3166758E900F3D545 /* Viewport.cpp in Sources */,
				7EC2BAD4166758E900F3D545 /* Loadable.cpp in Sources */,
				7EC2BAD5166758E900F3D545 /* Loader.cpp in Sources */,
				7EC2BAD6166758E900F3D545 /* AlignedTree.cpp in Sources */,
				7EC2BAD7166758E900F3D545 /* HeightMap.cpp in Sources */,
				7EC2BAD8166758E900F3D545 /* PathFinder.cpp in Sources */,
				7EC2BAD9166758E900F3D545 /* Font.cpp in Sources */,
				7EC2BADA166758E900F3D545 /* FontFace.cpp in Sources */,
				7EC2BADB166758E900F3D545 /* TextBlock.cpp in Sources */,
				7EC2BADC166758E900F3D545 /* TextBuffer.cpp in Sources */,
				7EC2BADD166758E900F3D545 /* Timer-CoreVideo.cpp in Sources */,
				7E64E62716678215006B710D /* Loader-Cocoa.mm in Sources */,
				7E64E62816679808006B710D /* Path-NSFileManager.mm in Sources */,
			);
			runOnlyForDeploymentPostprocessing = 0;
		};
/* End PBXSourcesBuildPhase section */

/* Begin XCBuildConfiguration section */
		1DEB91B208733DA50010E9CD /* Debug */ = {
			isa = XCBuildConfiguration;
			baseConfigurationReference = 7EB05B5215EE6B3E00511954 /* UnitTests.xcconfig */;
			buildSettings = {
				CLANG_CXX_LANGUAGE_STANDARD = "c++0x";
				CLANG_CXX_LIBRARY = "libc++";
				HEADER_SEARCH_PATHS = (
					"\"$(SRCROOT)/build/darwin-osx/include\"",
					"\"$(SRCROOT)/build/darwin-osx/include/freetype2\"",
				);
				LIBRARY_SEARCH_PATHS = "\"$(SRCROOT)/build/darwin-osx/lib\"";
			};
			name = Debug;
		};
		1DEB91B308733DA50010E9CD /* Release */ = {
			isa = XCBuildConfiguration;
			baseConfigurationReference = 7EB05B5215EE6B3E00511954 /* UnitTests.xcconfig */;
			buildSettings = {
				CLANG_CXX_LANGUAGE_STANDARD = "c++0x";
				CLANG_CXX_LIBRARY = "libc++";
				HEADER_SEARCH_PATHS = (
					"\"$(SRCROOT)/build/darwin-osx/include\"",
					"\"$(SRCROOT)/build/darwin-osx/include/freetype2\"",
				);
				LIBRARY_SEARCH_PATHS = "\"$(SRCROOT)/build/darwin-osx/lib\"";
			};
			name = Release;
		};
		7EA912790EB41A080080E66D /* Debug */ = {
			isa = XCBuildConfiguration;
			buildSettings = {
				ARCHS = "$(ARCHS_STANDARD_32_64_BIT)";
				PRODUCT_NAME = Dream;
				SDKROOT = macosx;
			};
			name = Debug;
		};
		7EA9127A0EB41A080080E66D /* Release */ = {
			isa = XCBuildConfiguration;
			buildSettings = {
				ARCHS = "$(ARCHS_STANDARD_32_64_BIT)";
				PRODUCT_NAME = Dream;
				SDKROOT = macosx;
			};
			name = Release;
		};
/* End XCBuildConfiguration section */

/* Begin XCConfigurationList section */
		1DEB91B108733DA50010E9CD /* Build configuration list for PBXProject "Dream" */ = {
			isa = XCConfigurationList;
			buildConfigurations = (
				1DEB91B208733DA50010E9CD /* Debug */,
				1DEB91B308733DA50010E9CD /* Release */,
			);
			defaultConfigurationIsVisible = 0;
			defaultConfigurationName = Release;
		};
		7EA912990EB41AA40080E66D /* Build configuration list for PBXNativeTarget "Dream" */ = {
			isa = XCConfigurationList;
			buildConfigurations = (
				7EA912790EB41A080080E66D /* Debug */,
				7EA9127A0EB41A080080E66D /* Release */,
			);
			defaultConfigurationIsVisible = 0;
			defaultConfigurationName = Release;
		};
/* End XCConfigurationList section */
	};
	rootObject = 0867D690FE84028FC02AAC07 /* Project object */;
}
