// !$*UTF8*$!
{
	archiveVersion = 1;
	classes = {
	};
	objectVersion = 46;
	objects = {

/* Begin PBXBuildFile section */
		7E14F8401422FAA300AB80F1 /* main.cpp in Sources */ = {isa = PBXBuildFile; fileRef = 7E14F83F1422FAA300AB80F1 /* main.cpp */; };
		7E9E41D014286DCF0061260C /* InfoPlist.strings in Resources */ = {isa = PBXBuildFile; fileRef = 7E9E41CE14286DCF0061260C /* InfoPlist.strings */; };
		7E9E41EC14286DF60061260C /* OpenGLES.framework in Frameworks */ = {isa = PBXBuildFile; fileRef = 7E9E41EB14286DF60061260C /* OpenGLES.framework */; };
		7E9E41ED14286E490061260C /* main.cpp in Sources */ = {isa = PBXBuildFile; fileRef = 7E14F83F1422FAA300AB80F1 /* main.cpp */; };
		7E9E422C1428907E0061260C /* shader.fsh in Sources */ = {isa = PBXBuildFile; fileRef = 7E9E422A1428907E0061260C /* shader.fsh */; };
		7E9E422D1428907E0061260C /* shader.vsh in Sources */ = {isa = PBXBuildFile; fileRef = 7E9E422B1428907E0061260C /* shader.vsh */; };
		7E9E422E1428909D0061260C /* shader.vsh in Resources */ = {isa = PBXBuildFile; fileRef = 7E9E422B1428907E0061260C /* shader.vsh */; };
		7E9E422F142890A00061260C /* shader.fsh in Resources */ = {isa = PBXBuildFile; fileRef = 7E9E422A1428907E0061260C /* shader.fsh */; };
		7E9E4239142988760061260C /* Dream Icon (57x57).png in Resources */ = {isa = PBXBuildFile; fileRef = 7E9E4237142988760061260C /* Dream Icon (57x57).png */; };
		7E9E423A142988760061260C /* Dream Icon (114x114).png in Resources */ = {isa = PBXBuildFile; fileRef = 7E9E4238142988760061260C /* Dream Icon (114x114).png */; };
		7E9EA73A142304AC00F8BC49 /* shader.fsh in Sources */ = {isa = PBXBuildFile; fileRef = 7E9EA739142304AC00F8BC49 /* shader.fsh */; };
		7E9EA73C142306E300F8BC49 /* OpenGL.framework in Frameworks */ = {isa = PBXBuildFile; fileRef = 7E9EA73B142306E300F8BC49 /* OpenGL.framework */; };
		7E9EA73D1423124800F8BC49 /* shader.vsh in CopyFiles */ = {isa = PBXBuildFile; fileRef = 7E9EA7371423049900F8BC49 /* shader.vsh */; };
		7E9EA73E1423124D00F8BC49 /* shader.fsh in CopyFiles */ = {isa = PBXBuildFile; fileRef = 7E9EA739142304AC00F8BC49 /* shader.fsh */; };
		7ED8A81214D0F16E005F890A /* Materials in CopyFiles */ = {isa = PBXBuildFile; fileRef = 7E5B632C148D786200027AF5 /* Materials */; };
/* End PBXBuildFile section */

/* Begin PBXCopyFilesBuildPhase section */
		7E14F8391422FAA200AB80F1 /* CopyFiles */ = {
			isa = PBXCopyFilesBuildPhase;
			buildActionMask = 12;
			dstPath = "";
			dstSubfolderSpec = 16;
			files = (
				7E9EA73D1423124800F8BC49 /* shader.vsh in CopyFiles */,
				7E9EA73E1423124D00F8BC49 /* shader.fsh in CopyFiles */,
				7ED8A81214D0F16E005F890A /* Materials in CopyFiles */,
			);
			runOnlyForDeploymentPostprocessing = 0;
		};
/* End PBXCopyFilesBuildPhase section */

/* Begin PBXFileReference section */
		7E14F83B1422FAA200AB80F1 /* Demo */ = {isa = PBXFileReference; explicitFileType = "compiled.mach-o.executable"; includeInIndex = 0; path = Demo; sourceTree = BUILT_PRODUCTS_DIR; };
		7E14F83F1422FAA300AB80F1 /* main.cpp */ = {isa = PBXFileReference; lastKnownFileType = sourcecode.cpp.cpp; path = main.cpp; sourceTree = "<group>"; };
		7E14F84D1422FB0000AB80F1 /* Dream.xcconfig */ = {isa = PBXFileReference; fileEncoding = 4; lastKnownFileType = text.xcconfig; path = Dream.xcconfig; sourceTree = "<group>"; };
		7E5B632C148D786200027AF5 /* Materials */ = {isa = PBXFileReference; lastKnownFileType = folder; path = Materials; sourceTree = "<group>"; };
		7E9E41BE14286DCF0061260C /* iOS Demo.app */ = {isa = PBXFileReference; explicitFileType = wrapper.application; includeInIndex = 0; path = "iOS Demo.app"; sourceTree = BUILT_PRODUCTS_DIR; };
		7E9E41CD14286DCF0061260C /* iOS Demo-Info.plist */ = {isa = PBXFileReference; lastKnownFileType = text.plist.xml; path = "iOS Demo-Info.plist"; sourceTree = "<group>"; };
		7E9E41CF14286DCF0061260C /* en */ = {isa = PBXFileReference; lastKnownFileType = text.plist.strings; name = en; path = en.lproj/InfoPlist.strings; sourceTree = "<group>"; };
		7E9E41EB14286DF60061260C /* OpenGLES.framework */ = {isa = PBXFileReference; lastKnownFileType = wrapper.framework; name = OpenGLES.framework; path = Platforms/iPhoneOS.platform/Developer/SDKs/iPhoneOS4.3.sdk/System/Library/Frameworks/OpenGLES.framework; sourceTree = DEVELOPER_DIR; };
		7E9E422A1428907E0061260C /* shader.fsh */ = {isa = PBXFileReference; fileEncoding = 4; lastKnownFileType = sourcecode.glsl; path = shader.fsh; sourceTree = "<group>"; };
		7E9E422B1428907E0061260C /* shader.vsh */ = {isa = PBXFileReference; fileEncoding = 4; lastKnownFileType = sourcecode.glsl; path = shader.vsh; sourceTree = "<group>"; };
		7E9E4237142988760061260C /* Dream Icon (57x57).png */ = {isa = PBXFileReference; lastKnownFileType = image.png; name = "Dream Icon (57x57).png"; path = "../../../inf/Dream Icon (57x57).png"; sourceTree = "<group>"; };
		7E9E4238142988760061260C /* Dream Icon (114x114).png */ = {isa = PBXFileReference; lastKnownFileType = image.png; name = "Dream Icon (114x114).png"; path = "../../../inf/Dream Icon (114x114).png"; sourceTree = "<group>"; };
		7E9EA7371423049900F8BC49 /* shader.vsh */ = {isa = PBXFileReference; fileEncoding = 4; lastKnownFileType = sourcecode.glsl; path = shader.vsh; sourceTree = "<group>"; };
		7E9EA739142304AC00F8BC49 /* shader.fsh */ = {isa = PBXFileReference; fileEncoding = 4; lastKnownFileType = sourcecode.glsl; path = shader.fsh; sourceTree = "<group>"; };
		7E9EA73B142306E300F8BC49 /* OpenGL.framework */ = {isa = PBXFileReference; lastKnownFileType = wrapper.framework; name = OpenGL.framework; path = System/Library/Frameworks/OpenGL.framework; sourceTree = SDKROOT; };
/* End PBXFileReference section */

/* Begin PBXFrameworksBuildPhase section */
		7E14F8381422FAA200AB80F1 /* Frameworks */ = {
			isa = PBXFrameworksBuildPhase;
			buildActionMask = 2147483647;
			files = (
				7E9EA73C142306E300F8BC49 /* OpenGL.framework in Frameworks */,
			);
			runOnlyForDeploymentPostprocessing = 0;
		};
		7E9E41BB14286DCF0061260C /* Frameworks */ = {
			isa = PBXFrameworksBuildPhase;
			buildActionMask = 2147483647;
			files = (
				7E9E41EC14286DF60061260C /* OpenGLES.framework in Frameworks */,
			);
			runOnlyForDeploymentPostprocessing = 0;
		};
/* End PBXFrameworksBuildPhase section */

/* Begin PBXGroup section */
		7E14F8301422FAA200AB80F1 = {
			isa = PBXGroup;
			children = (
				7E14F84C1422FB0000AB80F1 /* inf */,
				7E14F83E1422FAA200AB80F1 /* Demo */,
				7E9E41CB14286DCF0061260C /* iOS Demo */,
				7E9E41C014286DCF0061260C /* Frameworks */,
				7E14F83C1422FAA200AB80F1 /* Products */,
			);
			sourceTree = "<group>";
		};
		7E14F83C1422FAA200AB80F1 /* Products */ = {
			isa = PBXGroup;
			children = (
				7E14F83B1422FAA200AB80F1 /* Demo */,
				7E9E41BE14286DCF0061260C /* iOS Demo.app */,
			);
			name = Products;
			sourceTree = "<group>";
		};
		7E14F83E1422FAA200AB80F1 /* Demo */ = {
			isa = PBXGroup;
			children = (
				7E9EA7371423049900F8BC49 /* shader.vsh */,
				7E9EA739142304AC00F8BC49 /* shader.fsh */,
				7E14F83F1422FAA300AB80F1 /* main.cpp */,
				7E9E423F1429BB830061260C /* Supporting Files */,
				7E5B632C148D786200027AF5 /* Materials */,
			);
			path = Demo;
			sourceTree = "<group>";
		};
		7E14F84C1422FB0000AB80F1 /* inf */ = {
			isa = PBXGroup;
			children = (
				7E14F84D1422FB0000AB80F1 /* Dream.xcconfig */,
			);
			path = inf;
			sourceTree = "<group>";
		};
		7E9E41C014286DCF0061260C /* Frameworks */ = {
			isa = PBXGroup;
			children = (
				7E9E41EB14286DF60061260C /* OpenGLES.framework */,
				7E9EA73B142306E300F8BC49 /* OpenGL.framework */,
			);
			name = Frameworks;
			sourceTree = "<group>";
		};
		7E9E41CB14286DCF0061260C /* iOS Demo */ = {
			isa = PBXGroup;
			children = (
				7E9E422B1428907E0061260C /* shader.vsh */,
				7E9E422A1428907E0061260C /* shader.fsh */,
				7E9E41CC14286DCF0061260C /* Supporting Files */,
			);
			path = "iOS Demo";
			sourceTree = "<group>";
		};
		7E9E41CC14286DCF0061260C /* Supporting Files */ = {
			isa = PBXGroup;
			children = (
				7E9E4237142988760061260C /* Dream Icon (57x57).png */,
				7E9E4238142988760061260C /* Dream Icon (114x114).png */,
				7E9E41CD14286DCF0061260C /* iOS Demo-Info.plist */,
				7E9E41CE14286DCF0061260C /* InfoPlist.strings */,
			);
			name = "Supporting Files";
			sourceTree = "<group>";
		};
		7E9E423F1429BB830061260C /* Supporting Files */ = {
			isa = PBXGroup;
			children = (
			);
			name = "Supporting Files";
			sourceTree = "<group>";
		};
/* End PBXGroup section */

/* Begin PBXNativeTarget section */
		7E14F83A1422FAA200AB80F1 /* Demo */ = {
			isa = PBXNativeTarget;
			buildConfigurationList = 7E14F8451422FAA300AB80F1 /* Build configuration list for PBXNativeTarget "Demo" */;
			buildPhases = (
				7E14F8371422FAA200AB80F1 /* Sources */,
				7E14F8381422FAA200AB80F1 /* Frameworks */,
				7E14F8391422FAA200AB80F1 /* CopyFiles */,
			);
			buildRules = (
			);
			dependencies = (
			);
			name = Demo;
			productName = Demo;
			productReference = 7E14F83B1422FAA200AB80F1 /* Demo */;
			productType = "com.apple.product-type.tool";
		};
		7E9E41BD14286DCF0061260C /* iOS Demo */ = {
			isa = PBXNativeTarget;
			buildConfigurationList = 7E9E41E914286DCF0061260C /* Build configuration list for PBXNativeTarget "iOS Demo" */;
			buildPhases = (
				7E9E41BA14286DCF0061260C /* Sources */,
				7E9E41BB14286DCF0061260C /* Frameworks */,
				7E9E41BC14286DCF0061260C /* Resources */,
			);
			buildRules = (
			);
			dependencies = (
			);
			name = "iOS Demo";
			productName = "iOS Demo";
			productReference = 7E9E41BE14286DCF0061260C /* iOS Demo.app */;
			productType = "com.apple.product-type.application";
		};
/* End PBXNativeTarget section */

/* Begin PBXProject section */
		7E14F8321422FAA200AB80F1 /* Project object */ = {
			isa = PBXProject;
			attributes = {
				LastUpgradeCheck = 0420;
				ORGANIZATIONNAME = "Orion Transfer Ltd";
			};
			buildConfigurationList = 7E14F8351422FAA200AB80F1 /* Build configuration list for PBXProject "Demo" */;
			compatibilityVersion = "Xcode 3.2";
			developmentRegion = English;
			hasScannedForEncodings = 0;
			knownRegions = (
				en,
			);
			mainGroup = 7E14F8301422FAA200AB80F1;
			productRefGroup = 7E14F83C1422FAA200AB80F1 /* Products */;
			projectDirPath = "";
			projectRoot = "";
			targets = (
				7E14F83A1422FAA200AB80F1 /* Demo */,
				7E9E41BD14286DCF0061260C /* iOS Demo */,
			);
		};
/* End PBXProject section */

/* Begin PBXResourcesBuildPhase section */
		7E9E41BC14286DCF0061260C /* Resources */ = {
			isa = PBXResourcesBuildPhase;
			buildActionMask = 2147483647;
			files = (
				7E9E41D014286DCF0061260C /* InfoPlist.strings in Resources */,
				7E9E422E1428909D0061260C /* shader.vsh in Resources */,
				7E9E422F142890A00061260C /* shader.fsh in Resources */,
				7E9E4239142988760061260C /* Dream Icon (57x57).png in Resources */,
				7E9E423A142988760061260C /* Dream Icon (114x114).png in Resources */,
			);
			runOnlyForDeploymentPostprocessing = 0;
		};
/* End PBXResourcesBuildPhase section */

/* Begin PBXSourcesBuildPhase section */
		7E14F8371422FAA200AB80F1 /* Sources */ = {
			isa = PBXSourcesBuildPhase;
			buildActionMask = 2147483647;
			files = (
				7E14F8401422FAA300AB80F1 /* main.cpp in Sources */,
				7E9EA73A142304AC00F8BC49 /* shader.fsh in Sources */,
				7E9E422C1428907E0061260C /* shader.fsh in Sources */,
				7E9E422D1428907E0061260C /* shader.vsh in Sources */,
			);
			runOnlyForDeploymentPostprocessing = 0;
		};
		7E9E41BA14286DCF0061260C /* Sources */ = {
			isa = PBXSourcesBuildPhase;
			buildActionMask = 2147483647;
			files = (
				7E9E41ED14286E490061260C /* main.cpp in Sources */,
			);
			runOnlyForDeploymentPostprocessing = 0;
		};
/* End PBXSourcesBuildPhase section */

/* Begin PBXVariantGroup section */
		7E9E41CE14286DCF0061260C /* InfoPlist.strings */ = {
			isa = PBXVariantGroup;
			children = (
				7E9E41CF14286DCF0061260C /* en */,
			);
			name = InfoPlist.strings;
			sourceTree = "<group>";
		};
/* End PBXVariantGroup section */

/* Begin XCBuildConfiguration section */
		7E14F8431422FAA300AB80F1 /* Debug */ = {
			isa = XCBuildConfiguration;
			baseConfigurationReference = 7E14F84D1422FB0000AB80F1 /* Dream.xcconfig */;
			buildSettings = {
				ALWAYS_SEARCH_USER_PATHS = NO;
				ARCHS = "$(ARCHS_STANDARD_64_BIT)";
				COPY_PHASE_STRIP = NO;
				GCC_C_LANGUAGE_STANDARD = gnu99;
				GCC_DYNAMIC_NO_PIC = NO;
				GCC_ENABLE_OBJC_EXCEPTIONS = YES;
				GCC_OPTIMIZATION_LEVEL = 0;
				GCC_PREPROCESSOR_DEFINITIONS = (
					"DEBUG=1",
					"$(inherited)",
				);
				GCC_SYMBOLS_PRIVATE_EXTERN = NO;
				GCC_VERSION = com.apple.compilers.llvm.clang.1_0;
				GCC_WARN_64_TO_32_BIT_CONVERSION = YES;
				GCC_WARN_ABOUT_MISSING_PROTOTYPES = YES;
				GCC_WARN_ABOUT_RETURN_TYPE = YES;
				GCC_WARN_UNUSED_VARIABLE = YES;
				MACOSX_DEPLOYMENT_TARGET = 10.7;
				ONLY_ACTIVE_ARCH = YES;
				SDKROOT = macosx;
			};
			name = Debug;
		};
		7E14F8441422FAA300AB80F1 /* Release */ = {
			isa = XCBuildConfiguration;
			baseConfigurationReference = 7E14F84D1422FB0000AB80F1 /* Dream.xcconfig */;
			buildSettings = {
				ALWAYS_SEARCH_USER_PATHS = NO;
				ARCHS = "$(ARCHS_STANDARD_64_BIT)";
				COPY_PHASE_STRIP = YES;
				DEBUG_INFORMATION_FORMAT = "dwarf-with-dsym";
				GCC_C_LANGUAGE_STANDARD = gnu99;
				GCC_ENABLE_OBJC_EXCEPTIONS = YES;
				GCC_VERSION = com.apple.compilers.llvm.clang.1_0;
				GCC_WARN_64_TO_32_BIT_CONVERSION = YES;
				GCC_WARN_ABOUT_MISSING_PROTOTYPES = YES;
				GCC_WARN_ABOUT_RETURN_TYPE = YES;
				GCC_WARN_UNUSED_VARIABLE = YES;
				MACOSX_DEPLOYMENT_TARGET = 10.7;
				SDKROOT = macosx;
			};
			name = Release;
		};
		7E14F8461422FAA300AB80F1 /* Debug */ = {
			isa = XCBuildConfiguration;
			buildSettings = {
				PRODUCT_NAME = "$(TARGET_NAME)";
			};
			name = Debug;
		};
		7E14F8471422FAA300AB80F1 /* Release */ = {
			isa = XCBuildConfiguration;
			buildSettings = {
				PRODUCT_NAME = "$(TARGET_NAME)";
			};
			name = Release;
		};
		7E9E41E714286DCF0061260C /* Debug */ = {
			isa = XCBuildConfiguration;
			buildSettings = {
				ARCHS = "$(ARCHS_STANDARD_32_BIT)";
				"CODE_SIGN_IDENTITY[sdk=iphoneos*]" = "iPhone Developer";
				"GCC_THUMB_SUPPORT[arch=armv6]" = "";
				GCC_VERSION = com.apple.compilers.llvm.clang.1_0;
				INFOPLIST_FILE = "iOS Demo/iOS Demo-Info.plist";
				IPHONEOS_DEPLOYMENT_TARGET = 4.3;
				PRODUCT_NAME = "$(TARGET_NAME)";
				SDKROOT = iphoneos;
				WRAPPER_EXTENSION = app;
			};
			name = Debug;
		};
		7E9E41E814286DCF0061260C /* Release */ = {
			isa = XCBuildConfiguration;
			buildSettings = {
				ARCHS = "$(ARCHS_STANDARD_32_BIT)";
				"CODE_SIGN_IDENTITY[sdk=iphoneos*]" = "iPhone Developer";
				"GCC_THUMB_SUPPORT[arch=armv6]" = "";
				GCC_VERSION = com.apple.compilers.llvm.clang.1_0;
				INFOPLIST_FILE = "iOS Demo/iOS Demo-Info.plist";
				IPHONEOS_DEPLOYMENT_TARGET = 4.3;
				OTHER_CFLAGS = "-DNS_BLOCK_ASSERTIONS=1";
				PRODUCT_NAME = "$(TARGET_NAME)";
				SDKROOT = iphoneos;
				VALIDATE_PRODUCT = YES;
				WRAPPER_EXTENSION = app;
			};
			name = Release;
		};
/* End XCBuildConfiguration section */

/* Begin XCConfigurationList section */
		7E14F8351422FAA200AB80F1 /* Build configuration list for PBXProject "Demo" */ = {
			isa = XCConfigurationList;
			buildConfigurations = (
				7E14F8431422FAA300AB80F1 /* Debug */,
				7E14F8441422FAA300AB80F1 /* Release */,
			);
			defaultConfigurationIsVisible = 0;
			defaultConfigurationName = Release;
		};
		7E14F8451422FAA300AB80F1 /* Build configuration list for PBXNativeTarget "Demo" */ = {
			isa = XCConfigurationList;
			buildConfigurations = (
				7E14F8461422FAA300AB80F1 /* Debug */,
				7E14F8471422FAA300AB80F1 /* Release */,
			);
			defaultConfigurationIsVisible = 0;
			defaultConfigurationName = Release;
		};
		7E9E41E914286DCF0061260C /* Build configuration list for PBXNativeTarget "iOS Demo" */ = {
			isa = XCConfigurationList;
			buildConfigurations = (
				7E9E41E714286DCF0061260C /* Debug */,
				7E9E41E814286DCF0061260C /* Release */,
			);
			defaultConfigurationIsVisible = 0;
			defaultConfigurationName = Release;
		};
/* End XCConfigurationList section */
	};
	rootObject = 7E14F8321422FAA200AB80F1 /* Project object */;
}
